// !$*UTF8*$!
{
	archiveVersion = 1;
	classes = {
	};
	objectVersion = 46;
	objects = {

/* Begin PBXBuildFile section */
		0841824D240706DF00371637 /* OSXProxyTests.m in Sources */ = {isa = PBXBuildFile; fileRef = 0841824C240706DF00371637 /* OSXProxyTests.m */; };
		08791EBA22331D0C009EB201 /* Params.m in Sources */ = {isa = PBXBuildFile; fileRef = 08791EB822331D0B009EB201 /* Params.m */; };
		08866A4B223981B3006F3473 /* XMLTags.m in Sources */ = {isa = PBXBuildFile; fileRef = 08866A49223981B3006F3473 /* XMLTags.m */; };
		088E62A92448E3D2007C4AE5 /* OSXProxyUITests.m in Sources */ = {isa = PBXBuildFile; fileRef = 088E62A82448E3D2007C4AE5 /* OSXProxyUITests.m */; };
		0894254424637F0E0065C587 /* test001_ServiceCode2_empty.xml in Resources */ = {isa = PBXBuildFile; fileRef = 0894254124637F0E0065C587 /* test001_ServiceCode2_empty.xml */; };
		0894254524637F0E0065C587 /* test002_testServiceCode2.xml in Resources */ = {isa = PBXBuildFile; fileRef = 0894254224637F0E0065C587 /* test002_testServiceCode2.xml */; };
		0894254624637F0E0065C587 /* test003_ServiceCode4.xml in Resources */ = {isa = PBXBuildFile; fileRef = 0894254324637F0E0065C587 /* test003_ServiceCode4.xml */; };
		08942547246463AA0065C587 /* Cocoa.framework in Frameworks */ = {isa = PBXBuildFile; fileRef = 9C93FD3A198ADBD700227E47 /* Cocoa.framework */; };
		0DB105901DBC2E18004289E7 /* AppDelegate.m in Sources */ = {isa = PBXBuildFile; fileRef = 0DB1058E1DBC2E18004289E7 /* AppDelegate.m */; };
		0DB105921DBC2E30004289E7 /* Settings.plist in Resources */ = {isa = PBXBuildFile; fileRef = 0DB105911DBC2E30004289E7 /* Settings.plist */; };
		0DB105941DBC2FB4004289E7 /* RemoteExplorerWindowController.xib in Resources */ = {isa = PBXBuildFile; fileRef = 0DB105931DBC2FB4004289E7 /* RemoteExplorerWindowController.xib */; };
		0DB105961DBC2FDC004289E7 /* Images.xcassets in Resources */ = {isa = PBXBuildFile; fileRef = 0DB105951DBC2FDC004289E7 /* Images.xcassets */; };
		0DB1059C1DBC3066004289E7 /* iconName.txt in Resources */ = {isa = PBXBuildFile; fileRef = 0DB1059B1DBC3066004289E7 /* iconName.txt */; };
		0DB105A41DBC3082004289E7 /* down_arrow_large.png in Resources */ = {isa = PBXBuildFile; fileRef = 0DB1059D1DBC3082004289E7 /* down_arrow_large.png */; };
		0DB105A51DBC3082004289E7 /* down_arrow_medium.png in Resources */ = {isa = PBXBuildFile; fileRef = 0DB1059E1DBC3082004289E7 /* down_arrow_medium.png */; };
		0DB105A61DBC3082004289E7 /* down_arrow_small.png in Resources */ = {isa = PBXBuildFile; fileRef = 0DB1059F1DBC3082004289E7 /* down_arrow_small.png */; };
		0DB105A71DBC3082004289E7 /* down_arrow_tiny.png in Resources */ = {isa = PBXBuildFile; fileRef = 0DB105A01DBC3082004289E7 /* down_arrow_tiny.png */; };
		0DB105A81DBC3082004289E7 /* left_arrow.png in Resources */ = {isa = PBXBuildFile; fileRef = 0DB105A11DBC3082004289E7 /* left_arrow.png */; };
		0DB105A91DBC3082004289E7 /* right_arrow.png in Resources */ = {isa = PBXBuildFile; fileRef = 0DB105A21DBC3082004289E7 /* right_arrow.png */; };
		0DB105AA1DBC3082004289E7 /* up_arrow.png in Resources */ = {isa = PBXBuildFile; fileRef = 0DB105A31DBC3082004289E7 /* up_arrow.png */; };
		0DB105AC1DBC30D0004289E7 /* main.m in Sources */ = {isa = PBXBuildFile; fileRef = 0DB105AB1DBC30D0004289E7 /* main.m */; };
		0DB105B11DBC3122004289E7 /* Model.m in Sources */ = {isa = PBXBuildFile; fileRef = 0DB105AD1DBC3122004289E7 /* Model.m */; };
		0DB105B21DBC3122004289E7 /* MsWordTextElement.m in Sources */ = {isa = PBXBuildFile; fileRef = 0DB105B01DBC3122004289E7 /* MsWordTextElement.m */; };
		0DB105C71DBC3166004289E7 /* CustomWindowController.m in Sources */ = {isa = PBXBuildFile; fileRef = 0DB105B31DBC3166004289E7 /* CustomWindowController.m */; };
		0DB105C81DBC3166004289E7 /* DrawUI.m in Sources */ = {isa = PBXBuildFile; fileRef = 0DB105B51DBC3166004289E7 /* DrawUI.m */; };
		0DB105C91DBC3166004289E7 /* CustomOutlineView.m in Sources */ = {isa = PBXBuildFile; fileRef = 0DB105B81DBC3166004289E7 /* CustomOutlineView.m */; };
		0DB105CA1DBC3166004289E7 /* CustomTextView.m in Sources */ = {isa = PBXBuildFile; fileRef = 0DB105B91DBC3166004289E7 /* CustomTextView.m */; };
		0DB105CB1DBC3166004289E7 /* CustomTableView.m in Sources */ = {isa = PBXBuildFile; fileRef = 0DB105BA1DBC3166004289E7 /* CustomTableView.m */; };
		0DB105CC1DBC3166004289E7 /* CustomLabel.m in Sources */ = {isa = PBXBuildFile; fileRef = 0DB105BC1DBC3166004289E7 /* CustomLabel.m */; };
		0DB105CD1DBC3166004289E7 /* CustomPathControl.m in Sources */ = {isa = PBXBuildFile; fileRef = 0DB105BE1DBC3166004289E7 /* CustomPathControl.m */; };
		0DB105CE1DBC3166004289E7 /* CustomSearchField.m in Sources */ = {isa = PBXBuildFile; fileRef = 0DB105C31DBC3166004289E7 /* CustomSearchField.m */; };
		0DB105CF1DBC3166004289E7 /* CustomTextField.m in Sources */ = {isa = PBXBuildFile; fileRef = 0DB105C51DBC3166004289E7 /* CustomTextField.m */; };
		0DB105D01DBC3166004289E7 /* CustomWindow.m in Sources */ = {isa = PBXBuildFile; fileRef = 0DB105C61DBC3166004289E7 /* CustomWindow.m */; };
		0DB105D61DBC3198004289E7 /* KeyMapping.m in Sources */ = {isa = PBXBuildFile; fileRef = 0DB105D31DBC3198004289E7 /* KeyMapping.m */; };
		0DB105E01DBC31EC004289E7 /* RemoteExplorerWindowController.m in Sources */ = {isa = PBXBuildFile; fileRef = 0DB105D91DBC31EC004289E7 /* RemoteExplorerWindowController.m */; };
		0DB105E11DBC31EC004289E7 /* WordCustomRibbon.m in Sources */ = {isa = PBXBuildFile; fileRef = 0DB105DB1DBC31EC004289E7 /* WordCustomRibbon.m */; };
		0DB105E21DBC31EC004289E7 /* WordCustomRibbon.xib in Resources */ = {isa = PBXBuildFile; fileRef = 0DB105DC1DBC31EC004289E7 /* WordCustomRibbon.xib */; };
		0DB105E31DBC31EC004289E7 /* MegaWordRibbon.m in Sources */ = {isa = PBXBuildFile; fileRef = 0DB105DE1DBC31EC004289E7 /* MegaWordRibbon.m */; };
		0DB105E41DBC31EC004289E7 /* MegaWordRibbon.xib in Resources */ = {isa = PBXBuildFile; fileRef = 0DB105DF1DBC31EC004289E7 /* MegaWordRibbon.xib */; };
		0DB105E91DBC3497004289E7 /* CustomWindowController.xib in Resources */ = {isa = PBXBuildFile; fileRef = 0DB105E51DBC3497004289E7 /* CustomWindowController.xib */; };
		0DB4CA6A20D7761400FFFD23 /* ClientHandler.m in Sources */ = {isa = PBXBuildFile; fileRef = 0DB4CA6920D7761400FFFD23 /* ClientHandler.m */; };
		0DB4CA6C20D7768200FFFD23 /* RoleMapping.plist in Resources */ = {isa = PBXBuildFile; fileRef = 0DB4CA6B20D7768100FFFD23 /* RoleMapping.plist */; };
		0DB4CA6F20D776CB00FFFD23 /* Config.m in Sources */ = {isa = PBXBuildFile; fileRef = 0DB4CA6E20D776CB00FFFD23 /* Config.m */; };
		0DB4CA7220D776E100FFFD23 /* GDataXMLNode.m in Sources */ = {isa = PBXBuildFile; fileRef = 0DB4CA7020D776E100FFFD23 /* GDataXMLNode.m */; };
		0DB4CA8120D776F600FFFD23 /* KbdOrAction.m in Sources */ = {isa = PBXBuildFile; fileRef = 0DB4CA7320D776F400FFFD23 /* KbdOrAction.m */; };
		0DB4CA8220D776F600FFFD23 /* Sinter.m in Sources */ = {isa = PBXBuildFile; fileRef = 0DB4CA7420D776F400FFFD23 /* Sinter.m */; };
		0DB4CA8320D776F600FFFD23 /* Entity.m in Sources */ = {isa = PBXBuildFile; fileRef = 0DB4CA7620D776F500FFFD23 /* Entity.m */; };
		0DB4CA8420D776F600FFFD23 /* MouseOrCaret.m in Sources */ = {isa = PBXBuildFile; fileRef = 0DB4CA7720D776F500FFFD23 /* MouseOrCaret.m */; };
		0DB4CA8520D776F600FFFD23 /* Header.m in Sources */ = {isa = PBXBuildFile; fileRef = 0DB4CA7820D776F500FFFD23 /* Header.m */; };
		0DB4CA8620D776F600FFFD23 /* Screen.m in Sources */ = {isa = PBXBuildFile; fileRef = 0DB4CA7B20D776F500FFFD23 /* Screen.m */; };
		0DB4CA8720D776F600FFFD23 /* Word.m in Sources */ = {isa = PBXBuildFile; fileRef = 0DB4CA7D20D776F600FFFD23 /* Word.m */; };
		0DB4CA8A20D7773300FFFD23 /* Serializer.m in Sources */ = {isa = PBXBuildFile; fileRef = 0DB4CA8920D7773200FFFD23 /* Serializer.m */; };
		0DFEA7CB1DBC353B009CE3B0 /* MainMenu.xib in Resources */ = {isa = PBXBuildFile; fileRef = 0DB105E71DBC3497004289E7 /* MainMenu.xib */; };
		9C93FD3B198ADBD700227E47 /* Cocoa.framework in Frameworks */ = {isa = PBXBuildFile; fileRef = 9C93FD3A198ADBD700227E47 /* Cocoa.framework */; };
/* End PBXBuildFile section */

/* Begin PBXContainerItemProxy section */
		0841824F240706DF00371637 /* PBXContainerItemProxy */ = {
			isa = PBXContainerItemProxy;
			containerPortal = 9C93FD2F198ADBD700227E47 /* Project object */;
			proxyType = 1;
			remoteGlobalIDString = 9C93FD36198ADBD700227E47;
			remoteInfo = OSXProxy;
		};
		088E619F2448BE01007C4AE5 /* PBXContainerItemProxy */ = {
			isa = PBXContainerItemProxy;
			containerPortal = 9C93FD2F198ADBD700227E47 /* Project object */;
			proxyType = 1;
			remoteGlobalIDString = 9C93FD36198ADBD700227E47;
			remoteInfo = OSXProxy;
		};
/* End PBXContainerItemProxy section */

/* Begin PBXFileReference section */
		0841824A240706DF00371637 /* OSXProxyTests.xctest */ = {isa = PBXFileReference; explicitFileType = wrapper.cfbundle; includeInIndex = 0; path = OSXProxyTests.xctest; sourceTree = BUILT_PRODUCTS_DIR; };
		0841824C240706DF00371637 /* OSXProxyTests.m */ = {isa = PBXFileReference; lastKnownFileType = sourcecode.c.objc; path = OSXProxyTests.m; sourceTree = "<group>"; };
		0841824E240706DF00371637 /* Info.plist */ = {isa = PBXFileReference; lastKnownFileType = text.plist.xml; path = Info.plist; sourceTree = "<group>"; };
		08791EB822331D0B009EB201 /* Params.m */ = {isa = PBXFileReference; fileEncoding = 4; lastKnownFileType = sourcecode.c.objc; name = Params.m; path = ../common/AppleXMLSerializer/AppleXMLSerializer/src/Models/Params.m; sourceTree = "<group>"; };
		08791EB922331D0B009EB201 /* Params.h */ = {isa = PBXFileReference; fileEncoding = 4; lastKnownFileType = sourcecode.c.h; name = Params.h; path = ../common/AppleXMLSerializer/AppleXMLSerializer/src/Models/Params.h; sourceTree = "<group>"; };
		08866A49223981B3006F3473 /* XMLTags.m */ = {isa = PBXFileReference; fileEncoding = 4; lastKnownFileType = sourcecode.c.objc; name = XMLTags.m; path = ../common/AppleXMLSerializer/AppleXMLSerializer/src/GDataXML/XMLTags.m; sourceTree = "<group>"; };
		08866A4A223981B3006F3473 /* XMLTags.h */ = {isa = PBXFileReference; fileEncoding = 4; lastKnownFileType = sourcecode.c.h; name = XMLTags.h; path = ../common/AppleXMLSerializer/AppleXMLSerializer/src/GDataXML/XMLTags.h; sourceTree = "<group>"; };
		088E619A2448BE01007C4AE5 /* OSXProxyUITests.xctest */ = {isa = PBXFileReference; explicitFileType = wrapper.cfbundle; includeInIndex = 0; path = OSXProxyUITests.xctest; sourceTree = BUILT_PRODUCTS_DIR; };
		088E619E2448BE01007C4AE5 /* Info.plist */ = {isa = PBXFileReference; lastKnownFileType = text.plist.xml; path = Info.plist; sourceTree = "<group>"; };
		088E62A82448E3D2007C4AE5 /* OSXProxyUITests.m */ = {isa = PBXFileReference; fileEncoding = 4; lastKnownFileType = sourcecode.c.objc; path = OSXProxyUITests.m; sourceTree = "<group>"; };
		0894254124637F0E0065C587 /* test001_ServiceCode2_empty.xml */ = {isa = PBXFileReference; fileEncoding = 4; lastKnownFileType = text.xml; path = test001_ServiceCode2_empty.xml; sourceTree = "<group>"; };
		0894254224637F0E0065C587 /* test002_testServiceCode2.xml */ = {isa = PBXFileReference; fileEncoding = 4; lastKnownFileType = text.xml; path = test002_testServiceCode2.xml; sourceTree = "<group>"; };
		0894254324637F0E0065C587 /* test003_ServiceCode4.xml */ = {isa = PBXFileReference; fileEncoding = 4; lastKnownFileType = text.xml; path = test003_ServiceCode4.xml; sourceTree = "<group>"; };
		0DB1058E1DBC2E18004289E7 /* AppDelegate.m */ = {isa = PBXFileReference; fileEncoding = 4; lastKnownFileType = sourcecode.c.objc; name = AppDelegate.m; path = OSXProxy/AppDelegate.m; sourceTree = "<group>"; };
		0DB1058F1DBC2E18004289E7 /* AppDelegate.h */ = {isa = PBXFileReference; fileEncoding = 4; lastKnownFileType = sourcecode.c.h; name = AppDelegate.h; path = OSXProxy/AppDelegate.h; sourceTree = "<group>"; };
		0DB105911DBC2E30004289E7 /* Settings.plist */ = {isa = PBXFileReference; fileEncoding = 4; lastKnownFileType = text.plist.xml; name = Settings.plist; path = OSXProxy/Settings.plist; sourceTree = "<group>"; };
		0DB105931DBC2FB4004289E7 /* RemoteExplorerWindowController.xib */ = {isa = PBXFileReference; fileEncoding = 4; lastKnownFileType = file.xib; name = RemoteExplorerWindowController.xib; path = OSXProxy/RemoteExplorerWindowController.xib; sourceTree = SOURCE_ROOT; };
		0DB105951DBC2FDC004289E7 /* Images.xcassets */ = {isa = PBXFileReference; lastKnownFileType = folder.assetcatalog; name = Images.xcassets; path = OSXProxy/Images.xcassets; sourceTree = "<group>"; };
		0DB1059B1DBC3066004289E7 /* iconName.txt */ = {isa = PBXFileReference; fileEncoding = 4; lastKnownFileType = text; name = iconName.txt; path = OSXProxy/iconName.txt; sourceTree = SOURCE_ROOT; };
		0DB1059D1DBC3082004289E7 /* down_arrow_large.png */ = {isa = PBXFileReference; lastKnownFileType = image.png; name = down_arrow_large.png; path = OSXProxy/down_arrow_large.png; sourceTree = SOURCE_ROOT; };
		0DB1059E1DBC3082004289E7 /* down_arrow_medium.png */ = {isa = PBXFileReference; lastKnownFileType = image.png; name = down_arrow_medium.png; path = OSXProxy/down_arrow_medium.png; sourceTree = SOURCE_ROOT; };
		0DB1059F1DBC3082004289E7 /* down_arrow_small.png */ = {isa = PBXFileReference; lastKnownFileType = image.png; name = down_arrow_small.png; path = OSXProxy/down_arrow_small.png; sourceTree = SOURCE_ROOT; };
		0DB105A01DBC3082004289E7 /* down_arrow_tiny.png */ = {isa = PBXFileReference; lastKnownFileType = image.png; name = down_arrow_tiny.png; path = OSXProxy/down_arrow_tiny.png; sourceTree = SOURCE_ROOT; };
		0DB105A11DBC3082004289E7 /* left_arrow.png */ = {isa = PBXFileReference; lastKnownFileType = image.png; name = left_arrow.png; path = OSXProxy/left_arrow.png; sourceTree = SOURCE_ROOT; };
		0DB105A21DBC3082004289E7 /* right_arrow.png */ = {isa = PBXFileReference; lastKnownFileType = image.png; name = right_arrow.png; path = OSXProxy/right_arrow.png; sourceTree = SOURCE_ROOT; };
		0DB105A31DBC3082004289E7 /* up_arrow.png */ = {isa = PBXFileReference; lastKnownFileType = image.png; name = up_arrow.png; path = OSXProxy/up_arrow.png; sourceTree = SOURCE_ROOT; };
		0DB105AB1DBC30D0004289E7 /* main.m */ = {isa = PBXFileReference; fileEncoding = 4; lastKnownFileType = sourcecode.c.objc; name = main.m; path = OSXProxy/main.m; sourceTree = SOURCE_ROOT; };
		0DB105AD1DBC3122004289E7 /* Model.m */ = {isa = PBXFileReference; fileEncoding = 4; lastKnownFileType = sourcecode.c.objc; name = Model.m; path = OSXProxy/Model.m; sourceTree = SOURCE_ROOT; };
		0DB105AE1DBC3122004289E7 /* Model.h */ = {isa = PBXFileReference; fileEncoding = 4; lastKnownFileType = sourcecode.c.h; name = Model.h; path = OSXProxy/Model.h; sourceTree = SOURCE_ROOT; };
		0DB105AF1DBC3122004289E7 /* MsWordTextElement.h */ = {isa = PBXFileReference; fileEncoding = 4; lastKnownFileType = sourcecode.c.h; name = MsWordTextElement.h; path = OSXProxy/MsWordTextElement.h; sourceTree = SOURCE_ROOT; };
		0DB105B01DBC3122004289E7 /* MsWordTextElement.m */ = {isa = PBXFileReference; fileEncoding = 4; lastKnownFileType = sourcecode.c.objc; name = MsWordTextElement.m; path = OSXProxy/MsWordTextElement.m; sourceTree = SOURCE_ROOT; };
		0DB105B31DBC3166004289E7 /* CustomWindowController.m */ = {isa = PBXFileReference; fileEncoding = 4; lastKnownFileType = sourcecode.c.objc; name = CustomWindowController.m; path = OSXProxy/CustomWindowController.m; sourceTree = SOURCE_ROOT; };
		0DB105B41DBC3166004289E7 /* CustomWindowController.h */ = {isa = PBXFileReference; fileEncoding = 4; lastKnownFileType = sourcecode.c.h; name = CustomWindowController.h; path = OSXProxy/CustomWindowController.h; sourceTree = SOURCE_ROOT; };
		0DB105B51DBC3166004289E7 /* DrawUI.m */ = {isa = PBXFileReference; fileEncoding = 4; lastKnownFileType = sourcecode.c.objc; name = DrawUI.m; path = OSXProxy/DrawUI.m; sourceTree = SOURCE_ROOT; };
		0DB105B61DBC3166004289E7 /* DrawUI.h */ = {isa = PBXFileReference; fileEncoding = 4; lastKnownFileType = sourcecode.c.h; name = DrawUI.h; path = OSXProxy/DrawUI.h; sourceTree = SOURCE_ROOT; };
		0DB105B71DBC3166004289E7 /* CustomOutlineView.h */ = {isa = PBXFileReference; fileEncoding = 4; lastKnownFileType = sourcecode.c.h; name = CustomOutlineView.h; path = OSXProxy/CustomOutlineView.h; sourceTree = SOURCE_ROOT; };
		0DB105B81DBC3166004289E7 /* CustomOutlineView.m */ = {isa = PBXFileReference; fileEncoding = 4; lastKnownFileType = sourcecode.c.objc; name = CustomOutlineView.m; path = OSXProxy/CustomOutlineView.m; sourceTree = SOURCE_ROOT; };
		0DB105B91DBC3166004289E7 /* CustomTextView.m */ = {isa = PBXFileReference; fileEncoding = 4; lastKnownFileType = sourcecode.c.objc; name = CustomTextView.m; path = OSXProxy/CustomTextView.m; sourceTree = SOURCE_ROOT; };
		0DB105BA1DBC3166004289E7 /* CustomTableView.m */ = {isa = PBXFileReference; fileEncoding = 4; lastKnownFileType = sourcecode.c.objc; name = CustomTableView.m; path = OSXProxy/CustomTableView.m; sourceTree = SOURCE_ROOT; };
		0DB105BB1DBC3166004289E7 /* CustomLabel.h */ = {isa = PBXFileReference; fileEncoding = 4; lastKnownFileType = sourcecode.c.h; name = CustomLabel.h; path = OSXProxy/CustomLabel.h; sourceTree = SOURCE_ROOT; };
		0DB105BC1DBC3166004289E7 /* CustomLabel.m */ = {isa = PBXFileReference; fileEncoding = 4; lastKnownFileType = sourcecode.c.objc; name = CustomLabel.m; path = OSXProxy/CustomLabel.m; sourceTree = SOURCE_ROOT; };
		0DB105BD1DBC3166004289E7 /* CustomTextView.h */ = {isa = PBXFileReference; fileEncoding = 4; lastKnownFileType = sourcecode.c.h; name = CustomTextView.h; path = OSXProxy/CustomTextView.h; sourceTree = SOURCE_ROOT; };
		0DB105BE1DBC3166004289E7 /* CustomPathControl.m */ = {isa = PBXFileReference; fileEncoding = 4; lastKnownFileType = sourcecode.c.objc; name = CustomPathControl.m; path = OSXProxy/CustomPathControl.m; sourceTree = SOURCE_ROOT; };
		0DB105BF1DBC3166004289E7 /* CustomPathControl.h */ = {isa = PBXFileReference; fileEncoding = 4; lastKnownFileType = sourcecode.c.h; name = CustomPathControl.h; path = OSXProxy/CustomPathControl.h; sourceTree = SOURCE_ROOT; };
		0DB105C01DBC3166004289E7 /* CustomTableView.h */ = {isa = PBXFileReference; fileEncoding = 4; lastKnownFileType = sourcecode.c.h; name = CustomTableView.h; path = OSXProxy/CustomTableView.h; sourceTree = SOURCE_ROOT; };
		0DB105C11DBC3166004289E7 /* CustomWindow.h */ = {isa = PBXFileReference; fileEncoding = 4; lastKnownFileType = sourcecode.c.h; name = CustomWindow.h; path = OSXProxy/CustomWindow.h; sourceTree = SOURCE_ROOT; };
		0DB105C21DBC3166004289E7 /* CustomSearchField.h */ = {isa = PBXFileReference; fileEncoding = 4; lastKnownFileType = sourcecode.c.h; name = CustomSearchField.h; path = OSXProxy/CustomSearchField.h; sourceTree = SOURCE_ROOT; };
		0DB105C31DBC3166004289E7 /* CustomSearchField.m */ = {isa = PBXFileReference; fileEncoding = 4; lastKnownFileType = sourcecode.c.objc; name = CustomSearchField.m; path = OSXProxy/CustomSearchField.m; sourceTree = SOURCE_ROOT; };
		0DB105C41DBC3166004289E7 /* CustomTextField.h */ = {isa = PBXFileReference; fileEncoding = 4; lastKnownFileType = sourcecode.c.h; name = CustomTextField.h; path = OSXProxy/CustomTextField.h; sourceTree = SOURCE_ROOT; };
		0DB105C51DBC3166004289E7 /* CustomTextField.m */ = {isa = PBXFileReference; fileEncoding = 4; lastKnownFileType = sourcecode.c.objc; name = CustomTextField.m; path = OSXProxy/CustomTextField.m; sourceTree = SOURCE_ROOT; };
		0DB105C61DBC3166004289E7 /* CustomWindow.m */ = {isa = PBXFileReference; fileEncoding = 4; lastKnownFileType = sourcecode.c.objc; name = CustomWindow.m; path = OSXProxy/CustomWindow.m; sourceTree = SOURCE_ROOT; };
		0DB105D11DBC3198004289E7 /* ControlTypes.h */ = {isa = PBXFileReference; fileEncoding = 4; lastKnownFileType = sourcecode.c.h; name = ControlTypes.h; path = OSXProxy/ControlTypes.h; sourceTree = SOURCE_ROOT; };
		0DB105D21DBC3198004289E7 /* KeyMapping.h */ = {isa = PBXFileReference; fileEncoding = 4; lastKnownFileType = sourcecode.c.h; name = KeyMapping.h; path = OSXProxy/KeyMapping.h; sourceTree = SOURCE_ROOT; };
		0DB105D31DBC3198004289E7 /* KeyMapping.m */ = {isa = PBXFileReference; fileEncoding = 4; lastKnownFileType = sourcecode.c.objc; name = KeyMapping.m; path = OSXProxy/KeyMapping.m; sourceTree = SOURCE_ROOT; };
		0DB105D81DBC31EC004289E7 /* RemoteExplorerWindowController.h */ = {isa = PBXFileReference; fileEncoding = 4; lastKnownFileType = sourcecode.c.h; name = RemoteExplorerWindowController.h; path = OSXProxy/RemoteExplorerWindowController.h; sourceTree = SOURCE_ROOT; };
		0DB105D91DBC31EC004289E7 /* RemoteExplorerWindowController.m */ = {isa = PBXFileReference; fileEncoding = 4; lastKnownFileType = sourcecode.c.objc; name = RemoteExplorerWindowController.m; path = OSXProxy/RemoteExplorerWindowController.m; sourceTree = SOURCE_ROOT; };
		0DB105DA1DBC31EC004289E7 /* WordCustomRibbon.h */ = {isa = PBXFileReference; fileEncoding = 4; lastKnownFileType = sourcecode.c.h; name = WordCustomRibbon.h; path = OSXProxy/WordCustomRibbon.h; sourceTree = SOURCE_ROOT; };
		0DB105DB1DBC31EC004289E7 /* WordCustomRibbon.m */ = {isa = PBXFileReference; fileEncoding = 4; lastKnownFileType = sourcecode.c.objc; name = WordCustomRibbon.m; path = OSXProxy/WordCustomRibbon.m; sourceTree = SOURCE_ROOT; };
		0DB105DC1DBC31EC004289E7 /* WordCustomRibbon.xib */ = {isa = PBXFileReference; fileEncoding = 4; lastKnownFileType = file.xib; name = WordCustomRibbon.xib; path = OSXProxy/WordCustomRibbon.xib; sourceTree = SOURCE_ROOT; };
		0DB105DD1DBC31EC004289E7 /* MegaWordRibbon.h */ = {isa = PBXFileReference; fileEncoding = 4; lastKnownFileType = sourcecode.c.h; path = MegaWordRibbon.h; sourceTree = SOURCE_ROOT; };
		0DB105DE1DBC31EC004289E7 /* MegaWordRibbon.m */ = {isa = PBXFileReference; fileEncoding = 4; lastKnownFileType = sourcecode.c.objc; path = MegaWordRibbon.m; sourceTree = SOURCE_ROOT; };
		0DB105DF1DBC31EC004289E7 /* MegaWordRibbon.xib */ = {isa = PBXFileReference; fileEncoding = 4; lastKnownFileType = file.xib; path = MegaWordRibbon.xib; sourceTree = SOURCE_ROOT; };
		0DB105E61DBC3497004289E7 /* Base */ = {isa = PBXFileReference; lastKnownFileType = file.xib; name = Base; path = OSXProxy/Base.lproj/CustomWindowController.xib; sourceTree = "<group>"; };
		0DB105E81DBC3497004289E7 /* Base */ = {isa = PBXFileReference; lastKnownFileType = file.xib; name = Base; path = OSXProxy/Base.lproj/MainMenu.xib; sourceTree = "<group>"; };
		0DB4CA6820D7761400FFFD23 /* ClientHandler.h */ = {isa = PBXFileReference; fileEncoding = 4; lastKnownFileType = sourcecode.c.h; name = ClientHandler.h; path = ../common/AppleConnection/AppleConnection/ClientHandler.h; sourceTree = "<group>"; };
		0DB4CA6920D7761400FFFD23 /* ClientHandler.m */ = {isa = PBXFileReference; fileEncoding = 4; lastKnownFileType = sourcecode.c.objc; name = ClientHandler.m; path = ../common/AppleConnection/AppleConnection/ClientHandler.m; sourceTree = "<group>"; };
		0DB4CA6B20D7768100FFFD23 /* RoleMapping.plist */ = {isa = PBXFileReference; fileEncoding = 4; lastKnownFileType = text.plist.xml; name = RoleMapping.plist; path = ../common/RoleMapping.plist; sourceTree = "<group>"; };
		0DB4CA6D20D776CB00FFFD23 /* Config.h */ = {isa = PBXFileReference; fileEncoding = 4; lastKnownFileType = sourcecode.c.h; name = Config.h; path = ../common/AppleXMLSerializer/AppleXMLSerializer/src/Config/Config.h; sourceTree = "<group>"; };
		0DB4CA6E20D776CB00FFFD23 /* Config.m */ = {isa = PBXFileReference; fileEncoding = 4; lastKnownFileType = sourcecode.c.objc; name = Config.m; path = ../common/AppleXMLSerializer/AppleXMLSerializer/src/Config/Config.m; sourceTree = "<group>"; };
		0DB4CA7020D776E100FFFD23 /* GDataXMLNode.m */ = {isa = PBXFileReference; fileEncoding = 4; lastKnownFileType = sourcecode.c.objc; name = GDataXMLNode.m; path = ../common/AppleXMLSerializer/AppleXMLSerializer/src/GDataXML/GDataXMLNode.m; sourceTree = "<group>"; };
		0DB4CA7120D776E100FFFD23 /* GDataXMLNode.h */ = {isa = PBXFileReference; fileEncoding = 4; lastKnownFileType = sourcecode.c.h; name = GDataXMLNode.h; path = ../common/AppleXMLSerializer/AppleXMLSerializer/src/GDataXML/GDataXMLNode.h; sourceTree = "<group>"; };
		0DB4CA7320D776F400FFFD23 /* KbdOrAction.m */ = {isa = PBXFileReference; fileEncoding = 4; lastKnownFileType = sourcecode.c.objc; name = KbdOrAction.m; path = ../common/AppleXMLSerializer/AppleXMLSerializer/src/Models/KbdOrAction.m; sourceTree = "<group>"; };
		0DB4CA7420D776F400FFFD23 /* Sinter.m */ = {isa = PBXFileReference; fileEncoding = 4; lastKnownFileType = sourcecode.c.objc; name = Sinter.m; path = ../common/AppleXMLSerializer/AppleXMLSerializer/src/Models/Sinter.m; sourceTree = "<group>"; };
		0DB4CA7520D776F400FFFD23 /* Screen.h */ = {isa = PBXFileReference; fileEncoding = 4; lastKnownFileType = sourcecode.c.h; name = Screen.h; path = ../common/AppleXMLSerializer/AppleXMLSerializer/src/Models/Screen.h; sourceTree = "<group>"; };
		0DB4CA7620D776F500FFFD23 /* Entity.m */ = {isa = PBXFileReference; fileEncoding = 4; lastKnownFileType = sourcecode.c.objc; name = Entity.m; path = ../common/AppleXMLSerializer/AppleXMLSerializer/src/Models/Entity.m; sourceTree = "<group>"; };
		0DB4CA7720D776F500FFFD23 /* MouseOrCaret.m */ = {isa = PBXFileReference; fileEncoding = 4; lastKnownFileType = sourcecode.c.objc; name = MouseOrCaret.m; path = ../common/AppleXMLSerializer/AppleXMLSerializer/src/Models/MouseOrCaret.m; sourceTree = "<group>"; };
		0DB4CA7820D776F500FFFD23 /* Header.m */ = {isa = PBXFileReference; fileEncoding = 4; lastKnownFileType = sourcecode.c.objc; name = Header.m; path = ../common/AppleXMLSerializer/AppleXMLSerializer/src/Models/Header.m; sourceTree = "<group>"; };
		0DB4CA7920D776F500FFFD23 /* Header.h */ = {isa = PBXFileReference; fileEncoding = 4; lastKnownFileType = sourcecode.c.h; name = Header.h; path = ../common/AppleXMLSerializer/AppleXMLSerializer/src/Models/Header.h; sourceTree = "<group>"; };
		0DB4CA7A20D776F500FFFD23 /* MouseOrCaret.h */ = {isa = PBXFileReference; fileEncoding = 4; lastKnownFileType = sourcecode.c.h; name = MouseOrCaret.h; path = ../common/AppleXMLSerializer/AppleXMLSerializer/src/Models/MouseOrCaret.h; sourceTree = "<group>"; };
		0DB4CA7B20D776F500FFFD23 /* Screen.m */ = {isa = PBXFileReference; fileEncoding = 4; lastKnownFileType = sourcecode.c.objc; name = Screen.m; path = ../common/AppleXMLSerializer/AppleXMLSerializer/src/Models/Screen.m; sourceTree = "<group>"; };
		0DB4CA7C20D776F500FFFD23 /* Sinter.h */ = {isa = PBXFileReference; fileEncoding = 4; lastKnownFileType = sourcecode.c.h; name = Sinter.h; path = ../common/AppleXMLSerializer/AppleXMLSerializer/src/Models/Sinter.h; sourceTree = "<group>"; };
		0DB4CA7D20D776F600FFFD23 /* Word.m */ = {isa = PBXFileReference; fileEncoding = 4; lastKnownFileType = sourcecode.c.objc; name = Word.m; path = ../common/AppleXMLSerializer/AppleXMLSerializer/src/Models/Word.m; sourceTree = "<group>"; };
		0DB4CA7E20D776F600FFFD23 /* Entity.h */ = {isa = PBXFileReference; fileEncoding = 4; lastKnownFileType = sourcecode.c.h; name = Entity.h; path = ../common/AppleXMLSerializer/AppleXMLSerializer/src/Models/Entity.h; sourceTree = "<group>"; };
		0DB4CA7F20D776F600FFFD23 /* Word.h */ = {isa = PBXFileReference; fileEncoding = 4; lastKnownFileType = sourcecode.c.h; name = Word.h; path = ../common/AppleXMLSerializer/AppleXMLSerializer/src/Models/Word.h; sourceTree = "<group>"; };
		0DB4CA8020D776F600FFFD23 /* KbdOrAction.h */ = {isa = PBXFileReference; fileEncoding = 4; lastKnownFileType = sourcecode.c.h; name = KbdOrAction.h; path = ../common/AppleXMLSerializer/AppleXMLSerializer/src/Models/KbdOrAction.h; sourceTree = "<group>"; };
		0DB4CA8820D7773200FFFD23 /* Serializer.h */ = {isa = PBXFileReference; fileEncoding = 4; lastKnownFileType = sourcecode.c.h; name = Serializer.h; path = ../common/AppleXMLSerializer/AppleXMLSerializer/src/Serializer/Serializer.h; sourceTree = "<group>"; };
		0DB4CA8920D7773200FFFD23 /* Serializer.m */ = {isa = PBXFileReference; fileEncoding = 4; lastKnownFileType = sourcecode.c.objc; name = Serializer.m; path = ../common/AppleXMLSerializer/AppleXMLSerializer/src/Serializer/Serializer.m; sourceTree = "<group>"; };
		0DB4CA8B20D7793500FFFD23 /* OSXProxy-Prefix.pch */ = {isa = PBXFileReference; fileEncoding = 4; lastKnownFileType = sourcecode.c.h; name = "OSXProxy-Prefix.pch"; path = "OSXProxy/OSXProxy-Prefix.pch"; sourceTree = "<group>"; };
		0DB4CA8E20D77AED00FFFD23 /* OSXProxy-Info.plist */ = {isa = PBXFileReference; fileEncoding = 4; lastKnownFileType = text.plist.xml; name = "OSXProxy-Info.plist"; path = "OSXProxy/OSXProxy-Info.plist"; sourceTree = SOURCE_ROOT; };
		9C93FD37198ADBD700227E47 /* OSXProxy.app */ = {isa = PBXFileReference; explicitFileType = wrapper.application; includeInIndex = 0; path = OSXProxy.app; sourceTree = BUILT_PRODUCTS_DIR; };
		9C93FD3A198ADBD700227E47 /* Cocoa.framework */ = {isa = PBXFileReference; lastKnownFileType = wrapper.framework; name = Cocoa.framework; path = System/Library/Frameworks/Cocoa.framework; sourceTree = SDKROOT; };
		9C93FD3D198ADBD700227E47 /* AppKit.framework */ = {isa = PBXFileReference; lastKnownFileType = wrapper.framework; name = AppKit.framework; path = System/Library/Frameworks/AppKit.framework; sourceTree = SDKROOT; };
		9C93FD3E198ADBD700227E47 /* CoreData.framework */ = {isa = PBXFileReference; lastKnownFileType = wrapper.framework; name = CoreData.framework; path = System/Library/Frameworks/CoreData.framework; sourceTree = SDKROOT; };
		9C93FD3F198ADBD700227E47 /* Foundation.framework */ = {isa = PBXFileReference; lastKnownFileType = wrapper.framework; name = Foundation.framework; path = System/Library/Frameworks/Foundation.framework; sourceTree = SDKROOT; };
		9C93FD44198ADBD700227E47 /* en */ = {isa = PBXFileReference; lastKnownFileType = text.plist.strings; name = en; path = en.lproj/InfoPlist.strings; sourceTree = "<group>"; };
		9C93FD4A198ADBD700227E47 /* en */ = {isa = PBXFileReference; lastKnownFileType = text.rtf; name = en; path = en.lproj/Credits.rtf; sourceTree = "<group>"; };
/* End PBXFileReference section */

/* Begin PBXFrameworksBuildPhase section */
		08418247240706DF00371637 /* Frameworks */ = {
			isa = PBXFrameworksBuildPhase;
			buildActionMask = 2147483647;
			files = (
			);
			runOnlyForDeploymentPostprocessing = 0;
		};
		088E61972448BE01007C4AE5 /* Frameworks */ = {
			isa = PBXFrameworksBuildPhase;
			buildActionMask = 2147483647;
			files = (
			);
			runOnlyForDeploymentPostprocessing = 0;
		};
		9C93FD34198ADBD700227E47 /* Frameworks */ = {
			isa = PBXFrameworksBuildPhase;
			buildActionMask = 2147483647;
			files = (
				08942547246463AA0065C587 /* Cocoa.framework in Frameworks */,
				9C93FD3B198ADBD700227E47 /* Cocoa.framework in Frameworks */,
			);
			runOnlyForDeploymentPostprocessing = 0;
		};
/* End PBXFrameworksBuildPhase section */

/* Begin PBXGroup section */
		0841824B240706DF00371637 /* OSXProxyTests */ = {
			isa = PBXGroup;
			children = (
				0841824C240706DF00371637 /* OSXProxyTests.m */,
				0894254124637F0E0065C587 /* test001_ServiceCode2_empty.xml */,
				0894254224637F0E0065C587 /* test002_testServiceCode2.xml */,
				0894254324637F0E0065C587 /* test003_ServiceCode4.xml */,
				0841824E240706DF00371637 /* Info.plist */,
			);
			path = OSXProxyTests;
			sourceTree = "<group>";
		};
		088E619B2448BE01007C4AE5 /* OSXProxyUITests */ = {
			isa = PBXGroup;
			children = (
				088E62A82448E3D2007C4AE5 /* OSXProxyUITests.m */,
				088E619E2448BE01007C4AE5 /* Info.plist */,
			);
			path = OSXProxyUITests;
			sourceTree = "<group>";
		};
		0D15B1801C5DA681001A0EEF /* CustomViews */ = {
			isa = PBXGroup;
			children = (
				0DB105B31DBC3166004289E7 /* CustomWindowController.m */,
				0DB105B41DBC3166004289E7 /* CustomWindowController.h */,
				0DB105B51DBC3166004289E7 /* DrawUI.m */,
				0DB105B61DBC3166004289E7 /* DrawUI.h */,
				0DB105B71DBC3166004289E7 /* CustomOutlineView.h */,
				0DB105B81DBC3166004289E7 /* CustomOutlineView.m */,
				0DB105BD1DBC3166004289E7 /* CustomTextView.h */,
				0DB105B91DBC3166004289E7 /* CustomTextView.m */,
				0DB105BA1DBC3166004289E7 /* CustomTableView.m */,
				0DB105BB1DBC3166004289E7 /* CustomLabel.h */,
				0DB105BC1DBC3166004289E7 /* CustomLabel.m */,
				0DB105BE1DBC3166004289E7 /* CustomPathControl.m */,
				0DB105BF1DBC3166004289E7 /* CustomPathControl.h */,
				0DB105C01DBC3166004289E7 /* CustomTableView.h */,
				0DB105C11DBC3166004289E7 /* CustomWindow.h */,
				0DB105C21DBC3166004289E7 /* CustomSearchField.h */,
				0DB105C31DBC3166004289E7 /* CustomSearchField.m */,
				0DB105C41DBC3166004289E7 /* CustomTextField.h */,
				0DB105C51DBC3166004289E7 /* CustomTextField.m */,
				0DB105C61DBC3166004289E7 /* CustomWindow.m */,
			);
			name = CustomViews;
			sourceTree = "<group>";
		};
		0D15B1831C5DA723001A0EEF /* Headers */ = {
			isa = PBXGroup;
			children = (
				0DB105D11DBC3198004289E7 /* ControlTypes.h */,
				0DB105D21DBC3198004289E7 /* KeyMapping.h */,
				0DB105D31DBC3198004289E7 /* KeyMapping.m */,
			);
			name = Headers;
			sourceTree = "<group>";
		};
		0D15B1841C5DA7DB001A0EEF /* XIBs */ = {
			isa = PBXGroup;
			children = (
				0DB105931DBC2FB4004289E7 /* RemoteExplorerWindowController.xib */,
			);
			name = XIBs;
			sourceTree = "<group>";
		};
		0D15B1851C5DA865001A0EEF /* Unused */ = {
			isa = PBXGroup;
			children = (
				0DB105D81DBC31EC004289E7 /* RemoteExplorerWindowController.h */,
				0DB105D91DBC31EC004289E7 /* RemoteExplorerWindowController.m */,
				0DB105DA1DBC31EC004289E7 /* WordCustomRibbon.h */,
				0DB105DB1DBC31EC004289E7 /* WordCustomRibbon.m */,
				0DB105DC1DBC31EC004289E7 /* WordCustomRibbon.xib */,
				0DB105DD1DBC31EC004289E7 /* MegaWordRibbon.h */,
				0DB105DE1DBC31EC004289E7 /* MegaWordRibbon.m */,
				0DB105DF1DBC31EC004289E7 /* MegaWordRibbon.xib */,
			);
			name = Unused;
			sourceTree = "<group>";
		};
		0D6C19831DB70E55004DFB3F /* AppleXMLSerializer */ = {
			isa = PBXGroup;
			children = (
				08866A4A223981B3006F3473 /* XMLTags.h */,
				08866A49223981B3006F3473 /* XMLTags.m */,
				08791EB922331D0B009EB201 /* Params.h */,
				08791EB822331D0B009EB201 /* Params.m */,
				0DB4CA8820D7773200FFFD23 /* Serializer.h */,
				0DB4CA8920D7773200FFFD23 /* Serializer.m */,
				0DB4CA7E20D776F600FFFD23 /* Entity.h */,
				0DB4CA7620D776F500FFFD23 /* Entity.m */,
				0DB4CA7920D776F500FFFD23 /* Header.h */,
				0DB4CA7820D776F500FFFD23 /* Header.m */,
				0DB4CA8020D776F600FFFD23 /* KbdOrAction.h */,
				0DB4CA7320D776F400FFFD23 /* KbdOrAction.m */,
				0DB4CA7A20D776F500FFFD23 /* MouseOrCaret.h */,
				0DB4CA7720D776F500FFFD23 /* MouseOrCaret.m */,
				0DB4CA7520D776F400FFFD23 /* Screen.h */,
				0DB4CA7B20D776F500FFFD23 /* Screen.m */,
				0DB4CA7C20D776F500FFFD23 /* Sinter.h */,
				0DB4CA7420D776F400FFFD23 /* Sinter.m */,
				0DB4CA7F20D776F600FFFD23 /* Word.h */,
				0DB4CA7D20D776F600FFFD23 /* Word.m */,
				0DB4CA7120D776E100FFFD23 /* GDataXMLNode.h */,
				0DB4CA7020D776E100FFFD23 /* GDataXMLNode.m */,
				0DB4CA6D20D776CB00FFFD23 /* Config.h */,
				0DB4CA6E20D776CB00FFFD23 /* Config.m */,
			);
			name = AppleXMLSerializer;
			sourceTree = "<group>";
		};
		0DAF71341DB825A5002BE0A1 /* Connection */ = {
			isa = PBXGroup;
			children = (
				0DB4CA6820D7761400FFFD23 /* ClientHandler.h */,
				0DB4CA6920D7761400FFFD23 /* ClientHandler.m */,
			);
			name = Connection;
			sourceTree = "<group>";
		};
		9C93FD2E198ADBD700227E47 = {
			isa = PBXGroup;
			children = (
				0DB105911DBC2E30004289E7 /* Settings.plist */,
				0DB4CA8B20D7793500FFFD23 /* OSXProxy-Prefix.pch */,
				0DB4CA6B20D7768100FFFD23 /* RoleMapping.plist */,
				0DB105E51DBC3497004289E7 /* CustomWindowController.xib */,
				0DB105E71DBC3497004289E7 /* MainMenu.xib */,
				0DB105951DBC2FDC004289E7 /* Images.xcassets */,
				0DB1058E1DBC2E18004289E7 /* AppDelegate.m */,
				0DB1058F1DBC2E18004289E7 /* AppDelegate.h */,
				0DAF71341DB825A5002BE0A1 /* Connection */,
				0D6C19831DB70E55004DFB3F /* AppleXMLSerializer */,
				9C93FD40198ADBD700227E47 /* OSXProxy */,
				0841824B240706DF00371637 /* OSXProxyTests */,
				088E619B2448BE01007C4AE5 /* OSXProxyUITests */,
				9C93FD39198ADBD700227E47 /* Frameworks */,
				9C93FD38198ADBD700227E47 /* Products */,
			);
			sourceTree = "<group>";
		};
		9C93FD38198ADBD700227E47 /* Products */ = {
			isa = PBXGroup;
			children = (
				9C93FD37198ADBD700227E47 /* OSXProxy.app */,
				0841824A240706DF00371637 /* OSXProxyTests.xctest */,
				088E619A2448BE01007C4AE5 /* OSXProxyUITests.xctest */,
			);
			name = Products;
			sourceTree = "<group>";
		};
		9C93FD39198ADBD700227E47 /* Frameworks */ = {
			isa = PBXGroup;
			children = (
				9C93FD3A198ADBD700227E47 /* Cocoa.framework */,
				9C93FD3C198ADBD700227E47 /* Other Frameworks */,
			);
			name = Frameworks;
			sourceTree = "<group>";
		};
		9C93FD3C198ADBD700227E47 /* Other Frameworks */ = {
			isa = PBXGroup;
			children = (
				9C93FD3D198ADBD700227E47 /* AppKit.framework */,
				9C93FD3E198ADBD700227E47 /* CoreData.framework */,
				9C93FD3F198ADBD700227E47 /* Foundation.framework */,
			);
			name = "Other Frameworks";
			sourceTree = "<group>";
		};
		9C93FD40198ADBD700227E47 /* OSXProxy */ = {
			isa = PBXGroup;
			children = (
				0DB4CA8E20D77AED00FFFD23 /* OSXProxy-Info.plist */,
				0D15B1851C5DA865001A0EEF /* Unused */,
				0D15B1841C5DA7DB001A0EEF /* XIBs */,
				0D15B1831C5DA723001A0EEF /* Headers */,
				0D15B1801C5DA681001A0EEF /* CustomViews */,
				AF26E6361AA1C43000204F69 /* Entities */,
				9C93FD41198ADBD700227E47 /* Supporting Files */,
			);
			name = OSXProxy;
			path = NVRDP;
			sourceTree = "<group>";
		};
		9C93FD41198ADBD700227E47 /* Supporting Files */ = {
			isa = PBXGroup;
			children = (
				0DB105AB1DBC30D0004289E7 /* main.m */,
				0DB1059D1DBC3082004289E7 /* down_arrow_large.png */,
				0DB1059E1DBC3082004289E7 /* down_arrow_medium.png */,
				0DB1059F1DBC3082004289E7 /* down_arrow_small.png */,
				0DB105A01DBC3082004289E7 /* down_arrow_tiny.png */,
				0DB105A11DBC3082004289E7 /* left_arrow.png */,
				0DB105A21DBC3082004289E7 /* right_arrow.png */,
				0DB105A31DBC3082004289E7 /* up_arrow.png */,
				0DB1059B1DBC3066004289E7 /* iconName.txt */,
				9C93FD43198ADBD700227E47 /* InfoPlist.strings */,
				9C93FD49198ADBD700227E47 /* Credits.rtf */,
			);
			name = "Supporting Files";
			sourceTree = "<group>";
		};
		AF26E6361AA1C43000204F69 /* Entities */ = {
			isa = PBXGroup;
			children = (
				0DB105AD1DBC3122004289E7 /* Model.m */,
				0DB105AE1DBC3122004289E7 /* Model.h */,
				0DB105AF1DBC3122004289E7 /* MsWordTextElement.h */,
				0DB105B01DBC3122004289E7 /* MsWordTextElement.m */,
			);
			name = Entities;
			sourceTree = "<group>";
		};
/* End PBXGroup section */

/* Begin PBXNativeTarget section */
		08418249240706DF00371637 /* OSXProxyTests */ = {
			isa = PBXNativeTarget;
			buildConfigurationList = 08418251240706DF00371637 /* Build configuration list for PBXNativeTarget "OSXProxyTests" */;
			buildPhases = (
				08418246240706DF00371637 /* Sources */,
				08418247240706DF00371637 /* Frameworks */,
				08418248240706DF00371637 /* Resources */,
			);
			buildRules = (
			);
			dependencies = (
				08418250240706DF00371637 /* PBXTargetDependency */,
			);
			name = OSXProxyTests;
			productName = OSXProxyTests;
			productReference = 0841824A240706DF00371637 /* OSXProxyTests.xctest */;
			productType = "com.apple.product-type.bundle.unit-test";
		};
		088E61992448BE01007C4AE5 /* OSXProxyUITests */ = {
			isa = PBXNativeTarget;
			buildConfigurationList = 088E61A12448BE01007C4AE5 /* Build configuration list for PBXNativeTarget "OSXProxyUITests" */;
			buildPhases = (
				088E61962448BE01007C4AE5 /* Sources */,
				088E61972448BE01007C4AE5 /* Frameworks */,
				088E61982448BE01007C4AE5 /* Resources */,
			);
			buildRules = (
			);
			dependencies = (
				088E61A02448BE01007C4AE5 /* PBXTargetDependency */,
			);
			name = OSXProxyUITests;
			productName = OSXProxyUITests;
			productReference = 088E619A2448BE01007C4AE5 /* OSXProxyUITests.xctest */;
			productType = "com.apple.product-type.bundle.ui-testing";
		};
		9C93FD36198ADBD700227E47 /* OSXProxy */ = {
			isa = PBXNativeTarget;
			buildConfigurationList = 9C93FD68198ADBD700227E47 /* Build configuration list for PBXNativeTarget "OSXProxy" */;
			buildPhases = (
				9C93FD33198ADBD700227E47 /* Sources */,
				9C93FD34198ADBD700227E47 /* Frameworks */,
				9C93FD35198ADBD700227E47 /* Resources */,
			);
			buildRules = (
			);
			dependencies = (
			);
			name = OSXProxy;
			productName = NVRDP;
			productReference = 9C93FD37198ADBD700227E47 /* OSXProxy.app */;
			productType = "com.apple.product-type.application";
		};
/* End PBXNativeTarget section */

/* Begin PBXProject section */
		9C93FD2F198ADBD700227E47 /* Project object */ = {
			isa = PBXProject;
			attributes = {
				LastUpgradeCheck = 1110;
				ORGANIZATIONNAME = "University of North Carolina";
			};
			buildConfigurationList = 9C93FD32198ADBD700227E47 /* Build configuration list for PBXProject "OSXProxy" */;
			compatibilityVersion = "Xcode 3.2";
			developmentRegion = en;
			hasScannedForEncodings = 0;
			knownRegions = (
				en,
				Base,
			);
			mainGroup = 9C93FD2E198ADBD700227E47;
			productRefGroup = 9C93FD38198ADBD700227E47 /* Products */;
			projectDirPath = "";
			projectRoot = "";
			targets = (
				9C93FD36198ADBD700227E47 /* OSXProxy */,
				08418249240706DF00371637 /* OSXProxyTests */,
				088E61992448BE01007C4AE5 /* OSXProxyUITests */,
			);
		};
/* End PBXProject section */

/* Begin PBXResourcesBuildPhase section */
		08418248240706DF00371637 /* Resources */ = {
			isa = PBXResourcesBuildPhase;
			buildActionMask = 2147483647;
			files = (
				0894254524637F0E0065C587 /* test002_testServiceCode2.xml in Resources */,
				0894254424637F0E0065C587 /* test001_ServiceCode2_empty.xml in Resources */,
				0894254624637F0E0065C587 /* test003_ServiceCode4.xml in Resources */,
			);
			runOnlyForDeploymentPostprocessing = 0;
		};
		088E61982448BE01007C4AE5 /* Resources */ = {
			isa = PBXResourcesBuildPhase;
			buildActionMask = 2147483647;
			files = (
			);
			runOnlyForDeploymentPostprocessing = 0;
		};
		9C93FD35198ADBD700227E47 /* Resources */ = {
			isa = PBXResourcesBuildPhase;
			buildActionMask = 2147483647;
			files = (
				0DFEA7CB1DBC353B009CE3B0 /* MainMenu.xib in Resources */,
				0DB105E91DBC3497004289E7 /* CustomWindowController.xib in Resources */,
				0DB105E21DBC31EC004289E7 /* WordCustomRibbon.xib in Resources */,
				0DB105961DBC2FDC004289E7 /* Images.xcassets in Resources */,
				0DB105941DBC2FB4004289E7 /* RemoteExplorerWindowController.xib in Resources */,
				0DB1059C1DBC3066004289E7 /* iconName.txt in Resources */,
				0DB105A81DBC3082004289E7 /* left_arrow.png in Resources */,
				0DB105E41DBC31EC004289E7 /* MegaWordRibbon.xib in Resources */,
				0DB105921DBC2E30004289E7 /* Settings.plist in Resources */,
				0DB105AA1DBC3082004289E7 /* up_arrow.png in Resources */,
				0DB105A41DBC3082004289E7 /* down_arrow_large.png in Resources */,
				0DB105A71DBC3082004289E7 /* down_arrow_tiny.png in Resources */,
				0DB105A61DBC3082004289E7 /* down_arrow_small.png in Resources */,
				0DB105A91DBC3082004289E7 /* right_arrow.png in Resources */,
				0DB4CA6C20D7768200FFFD23 /* RoleMapping.plist in Resources */,
				0DB105A51DBC3082004289E7 /* down_arrow_medium.png in Resources */,
			);
			runOnlyForDeploymentPostprocessing = 0;
		};
/* End PBXResourcesBuildPhase section */

/* Begin PBXSourcesBuildPhase section */
		08418246240706DF00371637 /* Sources */ = {
			isa = PBXSourcesBuildPhase;
			buildActionMask = 2147483647;
			files = (
				0841824D240706DF00371637 /* OSXProxyTests.m in Sources */,
			);
			runOnlyForDeploymentPostprocessing = 0;
		};
		088E61962448BE01007C4AE5 /* Sources */ = {
			isa = PBXSourcesBuildPhase;
			buildActionMask = 2147483647;
			files = (
				088E62A92448E3D2007C4AE5 /* OSXProxyUITests.m in Sources */,
			);
			runOnlyForDeploymentPostprocessing = 0;
		};
		9C93FD33198ADBD700227E47 /* Sources */ = {
			isa = PBXSourcesBuildPhase;
			buildActionMask = 2147483647;
			files = (
				0DB4CA8320D776F600FFFD23 /* Entity.m in Sources */,
				0DB105E11DBC31EC004289E7 /* WordCustomRibbon.m in Sources */,
				0DB4CA7220D776E100FFFD23 /* GDataXMLNode.m in Sources */,
				0DB105D61DBC3198004289E7 /* KeyMapping.m in Sources */,
				0DB4CA8520D776F600FFFD23 /* Header.m in Sources */,
				0DB105CD1DBC3166004289E7 /* CustomPathControl.m in Sources */,
				0DB4CA8120D776F600FFFD23 /* KbdOrAction.m in Sources */,
				08866A4B223981B3006F3473 /* XMLTags.m in Sources */,
				0DB105C71DBC3166004289E7 /* CustomWindowController.m in Sources */,
				0DB105CE1DBC3166004289E7 /* CustomSearchField.m in Sources */,
				0DB105AC1DBC30D0004289E7 /* main.m in Sources */,
				0DB105C81DBC3166004289E7 /* DrawUI.m in Sources */,
				0DB4CA8220D776F600FFFD23 /* Sinter.m in Sources */,
				0DB105B11DBC3122004289E7 /* Model.m in Sources */,
				0DB105D01DBC3166004289E7 /* CustomWindow.m in Sources */,
				0DB105E31DBC31EC004289E7 /* MegaWordRibbon.m in Sources */,
				0DB4CA6A20D7761400FFFD23 /* ClientHandler.m in Sources */,
				0DB4CA6F20D776CB00FFFD23 /* Config.m in Sources */,
				0DB105CF1DBC3166004289E7 /* CustomTextField.m in Sources */,
				0DB4CA8720D776F600FFFD23 /* Word.m in Sources */,
				0DB105901DBC2E18004289E7 /* AppDelegate.m in Sources */,
				0DB105B21DBC3122004289E7 /* MsWordTextElement.m in Sources */,
				0DB105E01DBC31EC004289E7 /* RemoteExplorerWindowController.m in Sources */,
				0DB105CB1DBC3166004289E7 /* CustomTableView.m in Sources */,
				0DB4CA8A20D7773300FFFD23 /* Serializer.m in Sources */,
				0DB4CA8420D776F600FFFD23 /* MouseOrCaret.m in Sources */,
				0DB105C91DBC3166004289E7 /* CustomOutlineView.m in Sources */,
				0DB105CA1DBC3166004289E7 /* CustomTextView.m in Sources */,
				0DB105CC1DBC3166004289E7 /* CustomLabel.m in Sources */,
				08791EBA22331D0C009EB201 /* Params.m in Sources */,
				0DB4CA8620D776F600FFFD23 /* Screen.m in Sources */,
			);
			runOnlyForDeploymentPostprocessing = 0;
		};
/* End PBXSourcesBuildPhase section */

/* Begin PBXTargetDependency section */
		08418250240706DF00371637 /* PBXTargetDependency */ = {
			isa = PBXTargetDependency;
			target = 9C93FD36198ADBD700227E47 /* OSXProxy */;
			targetProxy = 0841824F240706DF00371637 /* PBXContainerItemProxy */;
		};
		088E61A02448BE01007C4AE5 /* PBXTargetDependency */ = {
			isa = PBXTargetDependency;
			target = 9C93FD36198ADBD700227E47 /* OSXProxy */;
			targetProxy = 088E619F2448BE01007C4AE5 /* PBXContainerItemProxy */;
		};
/* End PBXTargetDependency section */

/* Begin PBXVariantGroup section */
		0DB105E51DBC3497004289E7 /* CustomWindowController.xib */ = {
			isa = PBXVariantGroup;
			children = (
				0DB105E61DBC3497004289E7 /* Base */,
			);
			name = CustomWindowController.xib;
			sourceTree = "<group>";
		};
		0DB105E71DBC3497004289E7 /* MainMenu.xib */ = {
			isa = PBXVariantGroup;
			children = (
				0DB105E81DBC3497004289E7 /* Base */,
			);
			name = MainMenu.xib;
			sourceTree = "<group>";
		};
		9C93FD43198ADBD700227E47 /* InfoPlist.strings */ = {
			isa = PBXVariantGroup;
			children = (
				9C93FD44198ADBD700227E47 /* en */,
			);
			name = InfoPlist.strings;
			sourceTree = "<group>";
		};
		9C93FD49198ADBD700227E47 /* Credits.rtf */ = {
			isa = PBXVariantGroup;
			children = (
				9C93FD4A198ADBD700227E47 /* en */,
			);
			name = Credits.rtf;
			sourceTree = "<group>";
		};
/* End PBXVariantGroup section */

/* Begin XCBuildConfiguration section */
		08418252240706DF00371637 /* Debug */ = {
			isa = XCBuildConfiguration;
			buildSettings = {
				BUNDLE_LOADER = "$(TEST_HOST)";
				CLANG_ANALYZER_NONNULL = YES;
				CLANG_ANALYZER_NUMBER_OBJECT_CONVERSION = YES_AGGRESSIVE;
				CLANG_CXX_LANGUAGE_STANDARD = "gnu++14";
				CLANG_ENABLE_OBJC_WEAK = YES;
				CLANG_WARN_DOCUMENTATION_COMMENTS = YES;
				CLANG_WARN_UNGUARDED_AVAILABILITY = YES_AGGRESSIVE;
				CODE_SIGN_IDENTITY = "-";
				COMBINE_HIDPI_IMAGES = YES;
				DEBUG_INFORMATION_FORMAT = dwarf;
				DEVELOPMENT_TEAM = "";
				GCC_C_LANGUAGE_STANDARD = gnu11;
				INFOPLIST_FILE = OSXProxyTests/Info.plist;
				LD_RUNPATH_SEARCH_PATHS = "$(inherited) @executable_path/../Frameworks @loader_path/../Frameworks";
				MACOSX_DEPLOYMENT_TARGET = 10.14;
				MTL_ENABLE_DEBUG_INFO = INCLUDE_SOURCE;
				MTL_FAST_MATH = YES;
				PRODUCT_BUNDLE_IDENTIFIER = OSXProxyTests;
				PRODUCT_NAME = "$(TARGET_NAME)";
				TEST_HOST = "$(BUILT_PRODUCTS_DIR)/OSXProxy.app/Contents/MacOS/OSXProxy";
			};
			name = Debug;
		};
		08418253240706DF00371637 /* Release */ = {
			isa = XCBuildConfiguration;
			buildSettings = {
				BUNDLE_LOADER = "$(TEST_HOST)";
				CLANG_ANALYZER_NONNULL = YES;
				CLANG_ANALYZER_NUMBER_OBJECT_CONVERSION = YES_AGGRESSIVE;
				CLANG_CXX_LANGUAGE_STANDARD = "gnu++14";
				CLANG_ENABLE_OBJC_WEAK = YES;
				CLANG_WARN_DOCUMENTATION_COMMENTS = YES;
				CLANG_WARN_UNGUARDED_AVAILABILITY = YES_AGGRESSIVE;
				COMBINE_HIDPI_IMAGES = YES;
				COPY_PHASE_STRIP = NO;
				GCC_C_LANGUAGE_STANDARD = gnu11;
				INFOPLIST_FILE = OSXProxyTests/Info.plist;
				LD_RUNPATH_SEARCH_PATHS = "$(inherited) @executable_path/../Frameworks @loader_path/../Frameworks";
				MACOSX_DEPLOYMENT_TARGET = 10.14;
				MTL_ENABLE_DEBUG_INFO = NO;
				MTL_FAST_MATH = YES;
				PRODUCT_BUNDLE_IDENTIFIER = OSXProxyTests;
				PRODUCT_NAME = "$(TARGET_NAME)";
				TEST_HOST = "$(BUILT_PRODUCTS_DIR)/OSXProxy.app/Contents/MacOS/OSXProxy";
			};
			name = Release;
		};
		088E61A22448BE01007C4AE5 /* Debug */ = {
			isa = XCBuildConfiguration;
			buildSettings = {
				ALWAYS_SEARCH_USER_PATHS = YES;
				CLANG_ANALYZER_NONNULL = YES;
				CLANG_ANALYZER_NUMBER_OBJECT_CONVERSION = YES_AGGRESSIVE;
				CLANG_CXX_LANGUAGE_STANDARD = "gnu++14";
				CLANG_ENABLE_OBJC_WEAK = YES;
				CLANG_WARN_DOCUMENTATION_COMMENTS = YES;
				CLANG_WARN_UNGUARDED_AVAILABILITY = YES_AGGRESSIVE;
				CODE_SIGN_IDENTITY = "-";
				COMBINE_HIDPI_IMAGES = YES;
				DEBUG_INFORMATION_FORMAT = dwarf;
				DEVELOPMENT_TEAM = "";
				GCC_C_LANGUAGE_STANDARD = gnu11;
				HEADER_SEARCH_PATHS = /usr/include/libxml2;
				INFOPLIST_FILE = OSXProxyUITests/Info.plist;
				LD_RUNPATH_SEARCH_PATHS = "$(inherited) @executable_path/../Frameworks @loader_path/../Frameworks";
				LIBRARY_SEARCH_PATHS = (
					"$(inherited)",
					"$(PROJECT_DIR)/OSXProxyUITests",
				);
				MACOSX_DEPLOYMENT_TARGET = 10.14;
				MTL_ENABLE_DEBUG_INFO = INCLUDE_SOURCE;
				MTL_FAST_MATH = YES;
				OTHER_LDFLAGS = "";
				PRODUCT_BUNDLE_IDENTIFIER = unc.OSXProxyUITests;
				PRODUCT_NAME = "$(TARGET_NAME)";
				TEST_TARGET_NAME = OSXProxy;
			};
			name = Debug;
		};
		088E61A32448BE01007C4AE5 /* Release */ = {
			isa = XCBuildConfiguration;
			buildSettings = {
				ALWAYS_SEARCH_USER_PATHS = YES;
				CLANG_ANALYZER_NONNULL = YES;
				CLANG_ANALYZER_NUMBER_OBJECT_CONVERSION = YES_AGGRESSIVE;
				CLANG_CXX_LANGUAGE_STANDARD = "gnu++14";
				CLANG_ENABLE_OBJC_WEAK = YES;
				CLANG_WARN_DOCUMENTATION_COMMENTS = YES;
				CLANG_WARN_UNGUARDED_AVAILABILITY = YES_AGGRESSIVE;
				COMBINE_HIDPI_IMAGES = YES;
				COPY_PHASE_STRIP = NO;
				GCC_C_LANGUAGE_STANDARD = gnu11;
				HEADER_SEARCH_PATHS = /usr/include/libxml2;
				INFOPLIST_FILE = OSXProxyUITests/Info.plist;
				LD_RUNPATH_SEARCH_PATHS = "$(inherited) @executable_path/../Frameworks @loader_path/../Frameworks";
				LIBRARY_SEARCH_PATHS = (
					"$(inherited)",
					"$(PROJECT_DIR)/OSXProxyUITests",
				);
				MACOSX_DEPLOYMENT_TARGET = 10.14;
				MTL_ENABLE_DEBUG_INFO = NO;
				MTL_FAST_MATH = YES;
				OTHER_LDFLAGS = "";
				PRODUCT_BUNDLE_IDENTIFIER = unc.OSXProxyUITests;
				PRODUCT_NAME = "$(TARGET_NAME)";
				TEST_TARGET_NAME = OSXProxy;
			};
			name = Release;
		};
		9C93FD66198ADBD700227E47 /* Debug */ = {
			isa = XCBuildConfiguration;
			buildSettings = {
				ALWAYS_SEARCH_USER_PATHS = YES;
				CLANG_CXX_LANGUAGE_STANDARD = "gnu++0x";
				CLANG_CXX_LIBRARY = "libc++";
				CLANG_ENABLE_MODULES = YES;
				CLANG_ENABLE_OBJC_ARC = YES;
				CLANG_WARN_BLOCK_CAPTURE_AUTORELEASING = YES;
				CLANG_WARN_BOOL_CONVERSION = YES;
				CLANG_WARN_COMMA = YES;
				CLANG_WARN_CONSTANT_CONVERSION = YES;
				CLANG_WARN_DEPRECATED_OBJC_IMPLEMENTATIONS = YES;
				CLANG_WARN_DIRECT_OBJC_ISA_USAGE = YES_ERROR;
				CLANG_WARN_EMPTY_BODY = YES;
				CLANG_WARN_ENUM_CONVERSION = YES;
				CLANG_WARN_INFINITE_RECURSION = YES;
				CLANG_WARN_INT_CONVERSION = YES;
				CLANG_WARN_NON_LITERAL_NULL_CONVERSION = YES;
				CLANG_WARN_OBJC_IMPLICIT_RETAIN_SELF = YES;
				CLANG_WARN_OBJC_LITERAL_CONVERSION = YES;
				CLANG_WARN_OBJC_ROOT_CLASS = YES_ERROR;
				CLANG_WARN_RANGE_LOOP_ANALYSIS = YES;
				CLANG_WARN_STRICT_PROTOTYPES = YES;
				CLANG_WARN_SUSPICIOUS_MOVE = YES;
				CLANG_WARN_UNREACHABLE_CODE = YES;
				CLANG_WARN__DUPLICATE_METHOD_MATCH = YES;
				CODE_SIGN_IDENTITY = "-";
				COPY_PHASE_STRIP = NO;
				ENABLE_STRICT_OBJC_MSGSEND = YES;
				ENABLE_TESTABILITY = YES;
				GCC_C_LANGUAGE_STANDARD = gnu99;
				GCC_DYNAMIC_NO_PIC = NO;
				GCC_ENABLE_OBJC_EXCEPTIONS = YES;
				GCC_NO_COMMON_BLOCKS = YES;
				GCC_OPTIMIZATION_LEVEL = 0;
				GCC_PREPROCESSOR_DEFINITIONS = (
					"DEBUG=1",
					"$(inherited)",
				);
				GCC_SYMBOLS_PRIVATE_EXTERN = NO;
				GCC_WARN_64_TO_32_BIT_CONVERSION = YES;
				GCC_WARN_ABOUT_RETURN_TYPE = YES_ERROR;
				GCC_WARN_UNDECLARED_SELECTOR = YES;
				GCC_WARN_UNINITIALIZED_AUTOS = YES_AGGRESSIVE;
				GCC_WARN_UNUSED_FUNCTION = YES;
				GCC_WARN_UNUSED_VARIABLE = YES;
				MACOSX_DEPLOYMENT_TARGET = 10.14;
				ONLY_ACTIVE_ARCH = YES;
				SDKROOT = macosx;
			};
			name = Debug;
		};
		9C93FD67198ADBD700227E47 /* Release */ = {
			isa = XCBuildConfiguration;
			buildSettings = {
				ALWAYS_SEARCH_USER_PATHS = YES;
				CLANG_CXX_LANGUAGE_STANDARD = "gnu++0x";
				CLANG_CXX_LIBRARY = "libc++";
				CLANG_ENABLE_MODULES = YES;
				CLANG_ENABLE_OBJC_ARC = YES;
				CLANG_WARN_BLOCK_CAPTURE_AUTORELEASING = YES;
				CLANG_WARN_BOOL_CONVERSION = YES;
				CLANG_WARN_COMMA = YES;
				CLANG_WARN_CONSTANT_CONVERSION = YES;
				CLANG_WARN_DEPRECATED_OBJC_IMPLEMENTATIONS = YES;
				CLANG_WARN_DIRECT_OBJC_ISA_USAGE = YES_ERROR;
				CLANG_WARN_EMPTY_BODY = YES;
				CLANG_WARN_ENUM_CONVERSION = YES;
				CLANG_WARN_INFINITE_RECURSION = YES;
				CLANG_WARN_INT_CONVERSION = YES;
				CLANG_WARN_NON_LITERAL_NULL_CONVERSION = YES;
				CLANG_WARN_OBJC_IMPLICIT_RETAIN_SELF = YES;
				CLANG_WARN_OBJC_LITERAL_CONVERSION = YES;
				CLANG_WARN_OBJC_ROOT_CLASS = YES_ERROR;
				CLANG_WARN_RANGE_LOOP_ANALYSIS = YES;
				CLANG_WARN_STRICT_PROTOTYPES = YES;
				CLANG_WARN_SUSPICIOUS_MOVE = YES;
				CLANG_WARN_UNREACHABLE_CODE = YES;
				CLANG_WARN__DUPLICATE_METHOD_MATCH = YES;
				COPY_PHASE_STRIP = YES;
				DEBUG_INFORMATION_FORMAT = "dwarf-with-dsym";
				ENABLE_NS_ASSERTIONS = NO;
				ENABLE_STRICT_OBJC_MSGSEND = YES;
				GCC_C_LANGUAGE_STANDARD = gnu99;
				GCC_ENABLE_OBJC_EXCEPTIONS = YES;
				GCC_NO_COMMON_BLOCKS = YES;
				GCC_WARN_64_TO_32_BIT_CONVERSION = YES;
				GCC_WARN_ABOUT_RETURN_TYPE = YES_ERROR;
				GCC_WARN_UNDECLARED_SELECTOR = YES;
				GCC_WARN_UNINITIALIZED_AUTOS = YES_AGGRESSIVE;
				GCC_WARN_UNUSED_FUNCTION = YES;
				GCC_WARN_UNUSED_VARIABLE = YES;
				MACOSX_DEPLOYMENT_TARGET = 10.14;
				SDKROOT = macosx;
			};
			name = Release;
		};
		9C93FD69198ADBD700227E47 /* Debug */ = {
			isa = XCBuildConfiguration;
			buildSettings = {
				ASSETCATALOG_COMPILER_APPICON_NAME = AppIcon;
				COMBINE_HIDPI_IMAGES = YES;
				DEVELOPMENT_TEAM = "";
				GCC_PRECOMPILE_PREFIX_HEADER = YES;
				GCC_PREFIX_HEADER = "OSXProxy/OSXProxy-Prefix.pch";
				HEADER_SEARCH_PATHS = /usr/include/libxml2;
				INFOPLIST_FILE = "OSXProxy/OSXProxy-Info.plist";
				MACOSX_DEPLOYMENT_TARGET = 10.10;
				OTHER_LDFLAGS = "-lxml2";
				PRODUCT_BUNDLE_IDENTIFIER = edu.unc.OSXProxy;
				PRODUCT_NAME = "$(TARGET_NAME)";
				WRAPPER_EXTENSION = app;
			};
			name = Debug;
		};
		9C93FD6A198ADBD700227E47 /* Release */ = {
			isa = XCBuildConfiguration;
			buildSettings = {
				ASSETCATALOG_COMPILER_APPICON_NAME = AppIcon;
				COMBINE_HIDPI_IMAGES = YES;
				GCC_PRECOMPILE_PREFIX_HEADER = YES;
				GCC_PREFIX_HEADER = "OSXProxy/OSXProxy-Prefix.pch";
				HEADER_SEARCH_PATHS = /usr/include/libxml2;
				INFOPLIST_FILE = "OSXProxy/OSXProxy-Info.plist";
				MACOSX_DEPLOYMENT_TARGET = 10.10;
				OTHER_LDFLAGS = "-lxml2";
				PRODUCT_BUNDLE_IDENTIFIER = edu.unc.OSXProxy;
				PRODUCT_NAME = "$(TARGET_NAME)";
				WRAPPER_EXTENSION = app;
			};
			name = Release;
		};
/* End XCBuildConfiguration section */

/* Begin XCConfigurationList section */
		08418251240706DF00371637 /* Build configuration list for PBXNativeTarget "OSXProxyTests" */ = {
			isa = XCConfigurationList;
			buildConfigurations = (
				08418252240706DF00371637 /* Debug */,
				08418253240706DF00371637 /* Release */,
			);
			defaultConfigurationIsVisible = 0;
			defaultConfigurationName = Release;
		};
		088E61A12448BE01007C4AE5 /* Build configuration list for PBXNativeTarget "OSXProxyUITests" */ = {
			isa = XCConfigurationList;
			buildConfigurations = (
				088E61A22448BE01007C4AE5 /* Debug */,
				088E61A32448BE01007C4AE5 /* Release */,
			);
			defaultConfigurationIsVisible = 0;
			defaultConfigurationName = Release;
		};
		9C93FD32198ADBD700227E47 /* Build configuration list for PBXProject "OSXProxy" */ = {
			isa = XCConfigurationList;
			buildConfigurations = (
				9C93FD66198ADBD700227E47 /* Debug */,
				9C93FD67198ADBD700227E47 /* Release */,
			);
			defaultConfigurationIsVisible = 0;
			defaultConfigurationName = Release;
		};
		9C93FD68198ADBD700227E47 /* Build configuration list for PBXNativeTarget "OSXProxy" */ = {
			isa = XCConfigurationList;
			buildConfigurations = (
				9C93FD69198ADBD700227E47 /* Debug */,
				9C93FD6A198ADBD700227E47 /* Release */,
			);
			defaultConfigurationIsVisible = 0;
			defaultConfigurationName = Release;
		};
/* End XCConfigurationList section */
	};
	rootObject = 9C93FD2F198ADBD700227E47 /* Project object */;
}
