
Microsoft Visual Studio Solution File, Format Version 12.00
# Visual Studio Version 16
VisualStudioVersion = 16.0.28729.10
MinimumVisualStudioVersion = 10.0.40219.1
Project("{FAE04EC0-301F-11D3-BF4B-00C04F79EFBC}") = "WindowsConnection", "WindowsConnection\WindowsConnection\WindowsConnection.csproj", "{EE45634F-3241-4B54-ACA8-DE5CA7F50BEB}"
EndProject
Project("{FAE04EC0-301F-11D3-BF4B-00C04F79EFBC}") = "PListLib", "plist_win\PListLib\PListLib.csproj", "{DB484EA6-35A1-4B9A-B03B-FD5671002A6D}"
EndProject
Project("{FAE04EC0-301F-11D3-BF4B-00C04F79EFBC}") = "LinqAndTrie", "..\linqandtrie\LinqAndTrie\LinqAndTrie.csproj", "{AE68649E-A131-484B-88CC-7C4F603A63BC}"
EndProject
Project("{2150E333-8FDC-42A3-9474-1A3956D46DE8}") = "Solution Items", "Solution Items", "{D9891874-1DBB-41BC-B5AA-280CB08C4DF5}"
	ProjectSection(SolutionItems) = preProject
		test.runsettings = test.runsettings
	EndProjectSection
EndProject
Project("{FAE04EC0-301F-11D3-BF4B-00C04F79EFBC}") = "WindowsProxy", "..\windowsproxy\src\WindowsProxy.csproj", "{5BFF21D2-699D-4E2B-8DEC-77235C5F6017}"
EndProject
Project("{FAE04EC0-301F-11D3-BF4B-00C04F79EFBC}") = "ProxyTests", "..\windowsproxy\ProxyTests\ProxyTests.csproj", "{8A3ACAD4-FFA9-4A95-ADFA-BD9916C3E209}"
EndProject
Project("{FAE04EC0-301F-11D3-BF4B-00C04F79EFBC}") = "WindowsScraper", "..\windowscraper\WindowsScrapperLib\WindowsScraper.csproj", "{45E71E16-2F25-4EFE-8DD4-30FF1EA383C0}"
EndProject
Project("{FAE04EC0-301F-11D3-BF4B-00C04F79EFBC}") = "ScraperTests", "..\windowscraper\ScraperTests\ScraperTests.csproj", "{6C1ABB53-62BD-4779-A832-F2443EE68372}"
EndProject
Global
	GlobalSection(SolutionConfigurationPlatforms) = preSolution
		Debug|Any CPU = Debug|Any CPU
		Debug|ARM = Debug|ARM
		Debug|x64 = Debug|x64
		Debug|x86 = Debug|x86
		Release|Any CPU = Release|Any CPU
		Release|ARM = Release|ARM
		Release|x64 = Release|x64
		Release|x86 = Release|x86
	EndGlobalSection
	GlobalSection(ProjectConfigurationPlatforms) = postSolution
		{EE45634F-3241-4B54-ACA8-DE5CA7F50BEB}.Debug|Any CPU.ActiveCfg = Debug|Any CPU
		{EE45634F-3241-4B54-ACA8-DE5CA7F50BEB}.Debug|Any CPU.Build.0 = Debug|Any CPU
		{EE45634F-3241-4B54-ACA8-DE5CA7F50BEB}.Debug|ARM.ActiveCfg = Debug|Any CPU
		{EE45634F-3241-4B54-ACA8-DE5CA7F50BEB}.Debug|ARM.Build.0 = Debug|Any CPU
		{EE45634F-3241-4B54-ACA8-DE5CA7F50BEB}.Debug|x64.ActiveCfg = Debug|Any CPU
		{EE45634F-3241-4B54-ACA8-DE5CA7F50BEB}.Debug|x64.Build.0 = Debug|Any CPU
		{EE45634F-3241-4B54-ACA8-DE5CA7F50BEB}.Debug|x86.ActiveCfg = Debug|Any CPU
		{EE45634F-3241-4B54-ACA8-DE5CA7F50BEB}.Debug|x86.Build.0 = Debug|Any CPU
		{EE45634F-3241-4B54-ACA8-DE5CA7F50BEB}.Release|Any CPU.ActiveCfg = Release|Any CPU
		{EE45634F-3241-4B54-ACA8-DE5CA7F50BEB}.Release|Any CPU.Build.0 = Release|Any CPU
		{EE45634F-3241-4B54-ACA8-DE5CA7F50BEB}.Release|ARM.ActiveCfg = Release|Any CPU
		{EE45634F-3241-4B54-ACA8-DE5CA7F50BEB}.Release|ARM.Build.0 = Release|Any CPU
		{EE45634F-3241-4B54-ACA8-DE5CA7F50BEB}.Release|x64.ActiveCfg = Release|Any CPU
		{EE45634F-3241-4B54-ACA8-DE5CA7F50BEB}.Release|x64.Build.0 = Release|Any CPU
		{EE45634F-3241-4B54-ACA8-DE5CA7F50BEB}.Release|x86.ActiveCfg = Release|Any CPU
		{EE45634F-3241-4B54-ACA8-DE5CA7F50BEB}.Release|x86.Build.0 = Release|Any CPU
		{DB484EA6-35A1-4B9A-B03B-FD5671002A6D}.Debug|Any CPU.ActiveCfg = Debug|Any CPU
		{DB484EA6-35A1-4B9A-B03B-FD5671002A6D}.Debug|Any CPU.Build.0 = Debug|Any CPU
		{DB484EA6-35A1-4B9A-B03B-FD5671002A6D}.Debug|ARM.ActiveCfg = Debug|Any CPU
		{DB484EA6-35A1-4B9A-B03B-FD5671002A6D}.Debug|ARM.Build.0 = Debug|Any CPU
		{DB484EA6-35A1-4B9A-B03B-FD5671002A6D}.Debug|x64.ActiveCfg = Debug|Any CPU
		{DB484EA6-35A1-4B9A-B03B-FD5671002A6D}.Debug|x64.Build.0 = Debug|Any CPU
		{DB484EA6-35A1-4B9A-B03B-FD5671002A6D}.Debug|x86.ActiveCfg = Debug|Any CPU
		{DB484EA6-35A1-4B9A-B03B-FD5671002A6D}.Debug|x86.Build.0 = Debug|Any CPU
		{DB484EA6-35A1-4B9A-B03B-FD5671002A6D}.Release|Any CPU.ActiveCfg = Release|Any CPU
		{DB484EA6-35A1-4B9A-B03B-FD5671002A6D}.Release|ARM.ActiveCfg = Release|Any CPU
		{DB484EA6-35A1-4B9A-B03B-FD5671002A6D}.Release|ARM.Build.0 = Release|Any CPU
		{DB484EA6-35A1-4B9A-B03B-FD5671002A6D}.Release|x64.ActiveCfg = Release|Any CPU
		{DB484EA6-35A1-4B9A-B03B-FD5671002A6D}.Release|x64.Build.0 = Release|Any CPU
		{DB484EA6-35A1-4B9A-B03B-FD5671002A6D}.Release|x86.ActiveCfg = Release|Any CPU
		{DB484EA6-35A1-4B9A-B03B-FD5671002A6D}.Release|x86.Build.0 = Release|Any CPU
		{AE68649E-A131-484B-88CC-7C4F603A63BC}.Debug|Any CPU.ActiveCfg = Debug|Any CPU
		{AE68649E-A131-484B-88CC-7C4F603A63BC}.Debug|Any CPU.Build.0 = Debug|Any CPU
		{AE68649E-A131-484B-88CC-7C4F603A63BC}.Debug|ARM.ActiveCfg = Debug|Any CPU
		{AE68649E-A131-484B-88CC-7C4F603A63BC}.Debug|ARM.Build.0 = Debug|Any CPU
		{AE68649E-A131-484B-88CC-7C4F603A63BC}.Debug|x64.ActiveCfg = Debug|Any CPU
		{AE68649E-A131-484B-88CC-7C4F603A63BC}.Debug|x64.Build.0 = Debug|Any CPU
		{AE68649E-A131-484B-88CC-7C4F603A63BC}.Debug|x86.ActiveCfg = Debug|Any CPU
		{AE68649E-A131-484B-88CC-7C4F603A63BC}.Release|Any CPU.ActiveCfg = Release|Any CPU
		{AE68649E-A131-484B-88CC-7C4F603A63BC}.Release|ARM.ActiveCfg = Release|Any CPU
		{AE68649E-A131-484B-88CC-7C4F603A63BC}.Release|ARM.Build.0 = Release|Any CPU
		{AE68649E-A131-484B-88CC-7C4F603A63BC}.Release|x64.ActiveCfg = Release|Any CPU
		{AE68649E-A131-484B-88CC-7C4F603A63BC}.Release|x64.Build.0 = Release|Any CPU
		{AE68649E-A131-484B-88CC-7C4F603A63BC}.Release|x86.ActiveCfg = Release|Any CPU
		{5BFF21D2-699D-4E2B-8DEC-77235C5F6017}.Debug|Any CPU.ActiveCfg = Debug|Any CPU
		{5BFF21D2-699D-4E2B-8DEC-77235C5F6017}.Debug|Any CPU.Build.0 = Debug|Any CPU
		{5BFF21D2-699D-4E2B-8DEC-77235C5F6017}.Debug|ARM.ActiveCfg = Debug|Any CPU
		{5BFF21D2-699D-4E2B-8DEC-77235C5F6017}.Debug|ARM.Build.0 = Debug|Any CPU
		{5BFF21D2-699D-4E2B-8DEC-77235C5F6017}.Debug|x64.ActiveCfg = Debug|Any CPU
		{5BFF21D2-699D-4E2B-8DEC-77235C5F6017}.Debug|x64.Build.0 = Debug|Any CPU
		{5BFF21D2-699D-4E2B-8DEC-77235C5F6017}.Debug|x86.ActiveCfg = Debug|x86
		{5BFF21D2-699D-4E2B-8DEC-77235C5F6017}.Debug|x86.Build.0 = Debug|x86
		{5BFF21D2-699D-4E2B-8DEC-77235C5F6017}.Release|Any CPU.ActiveCfg = Release|Any CPU
		{5BFF21D2-699D-4E2B-8DEC-77235C5F6017}.Release|Any CPU.Build.0 = Release|Any CPU
		{5BFF21D2-699D-4E2B-8DEC-77235C5F6017}.Release|ARM.ActiveCfg = Release|Any CPU
		{5BFF21D2-699D-4E2B-8DEC-77235C5F6017}.Release|ARM.Build.0 = Release|Any CPU
		{5BFF21D2-699D-4E2B-8DEC-77235C5F6017}.Release|x64.ActiveCfg = Release|Any CPU
		{5BFF21D2-699D-4E2B-8DEC-77235C5F6017}.Release|x64.Build.0 = Release|Any CPU
		{5BFF21D2-699D-4E2B-8DEC-77235C5F6017}.Release|x86.ActiveCfg = Release|x86
		{5BFF21D2-699D-4E2B-8DEC-77235C5F6017}.Release|x86.Build.0 = Release|x86
		{8A3ACAD4-FFA9-4A95-ADFA-BD9916C3E209}.Debug|Any CPU.ActiveCfg = Debug|Any CPU
		{8A3ACAD4-FFA9-4A95-ADFA-BD9916C3E209}.Debug|Any CPU.Build.0 = Debug|Any CPU
		{8A3ACAD4-FFA9-4A95-ADFA-BD9916C3E209}.Debug|ARM.ActiveCfg = Debug|Any CPU
		{8A3ACAD4-FFA9-4A95-ADFA-BD9916C3E209}.Debug|ARM.Build.0 = Debug|Any CPU
		{8A3ACAD4-FFA9-4A95-ADFA-BD9916C3E209}.Debug|x64.ActiveCfg = Debug|Any CPU
		{8A3ACAD4-FFA9-4A95-ADFA-BD9916C3E209}.Debug|x64.Build.0 = Debug|Any CPU
		{8A3ACAD4-FFA9-4A95-ADFA-BD9916C3E209}.Debug|x86.ActiveCfg = Debug|Any CPU
		{8A3ACAD4-FFA9-4A95-ADFA-BD9916C3E209}.Debug|x86.Build.0 = Debug|Any CPU
		{8A3ACAD4-FFA9-4A95-ADFA-BD9916C3E209}.Release|Any CPU.ActiveCfg = Release|Any CPU
		{8A3ACAD4-FFA9-4A95-ADFA-BD9916C3E209}.Release|Any CPU.Build.0 = Release|Any CPU
		{8A3ACAD4-FFA9-4A95-ADFA-BD9916C3E209}.Release|ARM.ActiveCfg = Release|Any CPU
		{8A3ACAD4-FFA9-4A95-ADFA-BD9916C3E209}.Release|ARM.Build.0 = Release|Any CPU
		{8A3ACAD4-FFA9-4A95-ADFA-BD9916C3E209}.Release|x64.ActiveCfg = Release|Any CPU
		{8A3ACAD4-FFA9-4A95-ADFA-BD9916C3E209}.Release|x64.Build.0 = Release|Any CPU
		{8A3ACAD4-FFA9-4A95-ADFA-BD9916C3E209}.Release|x86.ActiveCfg = Release|Any CPU
		{8A3ACAD4-FFA9-4A95-ADFA-BD9916C3E209}.Release|x86.Build.0 = Release|Any CPU
		{45E71E16-2F25-4EFE-8DD4-30FF1EA383C0}.Debug|Any CPU.ActiveCfg = Debug|Any CPU
		{45E71E16-2F25-4EFE-8DD4-30FF1EA383C0}.Debug|Any CPU.Build.0 = Debug|Any CPU
		{45E71E16-2F25-4EFE-8DD4-30FF1EA383C0}.Debug|ARM.ActiveCfg = Debug|Any CPU
		{45E71E16-2F25-4EFE-8DD4-30FF1EA383C0}.Debug|ARM.Build.0 = Debug|Any CPU
		{45E71E16-2F25-4EFE-8DD4-30FF1EA383C0}.Debug|x64.ActiveCfg = Debug|Any CPU
		{45E71E16-2F25-4EFE-8DD4-30FF1EA383C0}.Debug|x64.Build.0 = Debug|Any CPU
		{45E71E16-2F25-4EFE-8DD4-30FF1EA383C0}.Debug|x86.ActiveCfg = Debug|Any CPU
		{45E71E16-2F25-4EFE-8DD4-30FF1EA383C0}.Debug|x86.Build.0 = Debug|Any CPU
		{45E71E16-2F25-4EFE-8DD4-30FF1EA383C0}.Release|Any CPU.ActiveCfg = Release|Any CPU
		{45E71E16-2F25-4EFE-8DD4-30FF1EA383C0}.Release|Any CPU.Build.0 = Release|Any CPU
		{45E71E16-2F25-4EFE-8DD4-30FF1EA383C0}.Release|ARM.ActiveCfg = Release|Any CPU
		{45E71E16-2F25-4EFE-8DD4-30FF1EA383C0}.Release|ARM.Build.0 = Release|Any CPU
		{45E71E16-2F25-4EFE-8DD4-30FF1EA383C0}.Release|x64.ActiveCfg = Release|Any CPU
		{45E71E16-2F25-4EFE-8DD4-30FF1EA383C0}.Release|x64.Build.0 = Release|Any CPU
		{45E71E16-2F25-4EFE-8DD4-30FF1EA383C0}.Release|x86.ActiveCfg = Release|Any CPU
		{45E71E16-2F25-4EFE-8DD4-30FF1EA383C0}.Release|x86.Build.0 = Release|Any CPU
		{6C1ABB53-62BD-4779-A832-F2443EE68372}.Debug|Any CPU.ActiveCfg = Debug|Any CPU
		{6C1ABB53-62BD-4779-A832-F2443EE68372}.Debug|Any CPU.Build.0 = Debug|Any CPU
		{6C1ABB53-62BD-4779-A832-F2443EE68372}.Debug|ARM.ActiveCfg = Debug|Any CPU
		{6C1ABB53-62BD-4779-A832-F2443EE68372}.Debug|ARM.Build.0 = Debug|Any CPU
		{6C1ABB53-62BD-4779-A832-F2443EE68372}.Debug|x64.ActiveCfg = Debug|Any CPU
		{6C1ABB53-62BD-4779-A832-F2443EE68372}.Debug|x64.Build.0 = Debug|Any CPU
		{6C1ABB53-62BD-4779-A832-F2443EE68372}.Debug|x86.ActiveCfg = Debug|Any CPU
		{6C1ABB53-62BD-4779-A832-F2443EE68372}.Debug|x86.Build.0 = Debug|Any CPU
		{6C1ABB53-62BD-4779-A832-F2443EE68372}.Release|Any CPU.ActiveCfg = Release|Any CPU
		{6C1ABB53-62BD-4779-A832-F2443EE68372}.Release|Any CPU.Build.0 = Release|Any CPU
		{6C1ABB53-62BD-4779-A832-F2443EE68372}.Release|ARM.ActiveCfg = Release|Any CPU
		{6C1ABB53-62BD-4779-A832-F2443EE68372}.Release|ARM.Build.0 = Release|Any CPU
		{6C1ABB53-62BD-4779-A832-F2443EE68372}.Release|x64.ActiveCfg = Release|Any CPU
		{6C1ABB53-62BD-4779-A832-F2443EE68372}.Release|x64.Build.0 = Release|Any CPU
		{6C1ABB53-62BD-4779-A832-F2443EE68372}.Release|x86.ActiveCfg = Release|Any CPU
		{6C1ABB53-62BD-4779-A832-F2443EE68372}.Release|x86.Build.0 = Release|Any CPU
	EndGlobalSection
	GlobalSection(SolutionProperties) = preSolution
		HideSolutionNode = FALSE
	EndGlobalSection
	GlobalSection(ExtensibilityGlobals) = postSolution
		SolutionGuid = {151976A0-81FC-45C9-9276-68638CA80890}
	EndGlobalSection
	GlobalSection(Performance) = preSolution
		HasPerformanceSessions = true
	EndGlobalSection
	GlobalSection(Performance) = preSolution
		HasPerformanceSessions = true
	EndGlobalSection
EndGlobal
