
Microsoft Visual Studio Solution File, Format Version 12.00
# Visual Studio Version 16
VisualStudioVersion = 16.0.28729.10
MinimumVisualStudioVersion = 10.0.40219.1
Project("{FAE04EC0-301F-11D3-BF4B-00C04F79EFBC}") = "WindowsScraperTest", "WindowsScraper\WindowsScraperTest.csproj", "{6C683743-17CE-4D6B-AB63-DAF99A916CAF}"
	ProjectSection(ProjectDependencies) = postProject
		{45E71E16-2F25-4EFE-8DD4-30FF1EA383C0} = {45E71E16-2F25-4EFE-8DD4-30FF1EA383C0}
		{EE45634F-3241-4B54-ACA8-DE5CA7F50BEB} = {EE45634F-3241-4B54-ACA8-DE5CA7F50BEB}
		{1A1440BD-7794-4D9F-88AB-3EBEDBCA8CEE} = {1A1440BD-7794-4D9F-88AB-3EBEDBCA8CEE}
	EndProjectSection
EndProject
Project("{FAE04EC0-301F-11D3-BF4B-00C04F79EFBC}") = "WindowsScraper", "WindowsScrapperLib\WindowsScraper.csproj", "{45E71E16-2F25-4EFE-8DD4-30FF1EA383C0}"
EndProject
Project("{FAE04EC0-301F-11D3-BF4B-00C04F79EFBC}") = "WindowsServer", "WindowsServer\WindowsServer.csproj", "{1A1440BD-7794-4D9F-88AB-3EBEDBCA8CEE}"
	ProjectSection(ProjectDependencies) = postProject
		{45E71E16-2F25-4EFE-8DD4-30FF1EA383C0} = {45E71E16-2F25-4EFE-8DD4-30FF1EA383C0}
		{DB484EA6-35A1-4B9A-B03B-FD5671002A6D} = {DB484EA6-35A1-4B9A-B03B-FD5671002A6D}
	EndProjectSection
EndProject
Project("{FAE04EC0-301F-11D3-BF4B-00C04F79EFBC}") = "WindowsConnection", "..\common\WindowsConnection\WindowsConnection\WindowsConnection.csproj", "{EE45634F-3241-4B54-ACA8-DE5CA7F50BEB}"
	ProjectSection(ProjectDependencies) = postProject
		{AE68649E-A131-484B-88CC-7C4F603A63BC} = {AE68649E-A131-484B-88CC-7C4F603A63BC}
	EndProjectSection
EndProject
Project("{FAE04EC0-301F-11D3-BF4B-00C04F79EFBC}") = "PListLib", "..\common\plist_win\PListLib\PListLib.csproj", "{DB484EA6-35A1-4B9A-B03B-FD5671002A6D}"
EndProject
Project("{FAE04EC0-301F-11D3-BF4B-00C04F79EFBC}") = "LinqAndTrie", "..\linqandtrie\LinqAndTrie\LinqAndTrie.csproj", "{AE68649E-A131-484B-88CC-7C4F603A63BC}"
EndProject
Project("{54435603-DBB4-11D2-8724-00A0C9A8B90C}") = "WindowsServerSetup", "WindowsScraper\SetupWizard\Setup\Setup.vdproj", "{4C9C2CC6-E245-49DA-99E1-9F4DAEDBBEED}"
EndProject
Project("{FAE04EC0-301F-11D3-BF4B-00C04F79EFBC}") = "ScraperTests", "ScraperTests\ScraperTests.csproj", "{6C1ABB53-62BD-4779-A832-F2443EE68372}"
EndProject
Project("{2150E333-8FDC-42A3-9474-1A3956D46DE8}") = "Solution Items", "Solution Items", "{3CA4BFCC-E408-41D3-91F2-8631634B6F39}"
	ProjectSection(SolutionItems) = preProject
		..\common\test.runsettings = ..\common\test.runsettings
	EndProjectSection
EndProject
Global
	GlobalSection(SolutionConfigurationPlatforms) = preSolution
		Debug|Any CPU = Debug|Any CPU
		Release|Any CPU = Release|Any CPU
	EndGlobalSection
	GlobalSection(ProjectConfigurationPlatforms) = postSolution
		{6C683743-17CE-4D6B-AB63-DAF99A916CAF}.Debug|Any CPU.ActiveCfg = Debug|Any CPU
		{6C683743-17CE-4D6B-AB63-DAF99A916CAF}.Debug|Any CPU.Build.0 = Debug|Any CPU
		{6C683743-17CE-4D6B-AB63-DAF99A916CAF}.Release|Any CPU.ActiveCfg = Release|Any CPU
		{6C683743-17CE-4D6B-AB63-DAF99A916CAF}.Release|Any CPU.Build.0 = Release|Any CPU
		{45E71E16-2F25-4EFE-8DD4-30FF1EA383C0}.Debug|Any CPU.ActiveCfg = Debug|Any CPU
		{45E71E16-2F25-4EFE-8DD4-30FF1EA383C0}.Debug|Any CPU.Build.0 = Debug|Any CPU
		{45E71E16-2F25-4EFE-8DD4-30FF1EA383C0}.Release|Any CPU.ActiveCfg = Release|Any CPU
		{45E71E16-2F25-4EFE-8DD4-30FF1EA383C0}.Release|Any CPU.Build.0 = Release|Any CPU
		{1A1440BD-7794-4D9F-88AB-3EBEDBCA8CEE}.Debug|Any CPU.ActiveCfg = Debug|Any CPU
		{1A1440BD-7794-4D9F-88AB-3EBEDBCA8CEE}.Debug|Any CPU.Build.0 = Debug|Any CPU
		{1A1440BD-7794-4D9F-88AB-3EBEDBCA8CEE}.Release|Any CPU.ActiveCfg = Release|Any CPU
		{1A1440BD-7794-4D9F-88AB-3EBEDBCA8CEE}.Release|Any CPU.Build.0 = Release|Any CPU
		{EE45634F-3241-4B54-ACA8-DE5CA7F50BEB}.Debug|Any CPU.ActiveCfg = Debug|Any CPU
		{EE45634F-3241-4B54-ACA8-DE5CA7F50BEB}.Debug|Any CPU.Build.0 = Debug|Any CPU
		{EE45634F-3241-4B54-ACA8-DE5CA7F50BEB}.Release|Any CPU.ActiveCfg = Release|Any CPU
		{EE45634F-3241-4B54-ACA8-DE5CA7F50BEB}.Release|Any CPU.Build.0 = Release|Any CPU
		{DB484EA6-35A1-4B9A-B03B-FD5671002A6D}.Debug|Any CPU.ActiveCfg = Debug|Any CPU
		{DB484EA6-35A1-4B9A-B03B-FD5671002A6D}.Debug|Any CPU.Build.0 = Debug|Any CPU
		{DB484EA6-35A1-4B9A-B03B-FD5671002A6D}.Release|Any CPU.ActiveCfg = Release|Any CPU
		{DB484EA6-35A1-4B9A-B03B-FD5671002A6D}.Release|Any CPU.Build.0 = Release|Any CPU
		{AE68649E-A131-484B-88CC-7C4F603A63BC}.Debug|Any CPU.ActiveCfg = Debug|Any CPU
		{AE68649E-A131-484B-88CC-7C4F603A63BC}.Debug|Any CPU.Build.0 = Debug|Any CPU
		{AE68649E-A131-484B-88CC-7C4F603A63BC}.Release|Any CPU.ActiveCfg = Release|Any CPU
		{AE68649E-A131-484B-88CC-7C4F603A63BC}.Release|Any CPU.Build.0 = Release|Any CPU
		{4C9C2CC6-E245-49DA-99E1-9F4DAEDBBEED}.Debug|Any CPU.ActiveCfg = Debug
		{4C9C2CC6-E245-49DA-99E1-9F4DAEDBBEED}.Debug|Any CPU.Build.0 = Debug
		{4C9C2CC6-E245-49DA-99E1-9F4DAEDBBEED}.Release|Any CPU.ActiveCfg = Release
		{4C9C2CC6-E245-49DA-99E1-9F4DAEDBBEED}.Release|Any CPU.Build.0 = Release
		{6C1ABB53-62BD-4779-A832-F2443EE68372}.Debug|Any CPU.ActiveCfg = Debug|Any CPU
		{6C1ABB53-62BD-4779-A832-F2443EE68372}.Debug|Any CPU.Build.0 = Debug|Any CPU
		{6C1ABB53-62BD-4779-A832-F2443EE68372}.Release|Any CPU.ActiveCfg = Release|Any CPU
		{6C1ABB53-62BD-4779-A832-F2443EE68372}.Release|Any CPU.Build.0 = Release|Any CPU
	EndGlobalSection
	GlobalSection(SolutionProperties) = preSolution
		HideSolutionNode = FALSE
	EndGlobalSection
	GlobalSection(ExtensibilityGlobals) = postSolution
		SolutionGuid = {57947128-4480-4951-8D68-7E510C2577F7}
	EndGlobalSection
EndGlobal
