
Microsoft Visual Studio Solution File, Format Version 12.00
# Visual Studio 15
VisualStudioVersion = 15.0.26730.3
MinimumVisualStudioVersion = 10.0.40219.1
Project("{FAE04EC0-301F-11D3-BF4B-00C04F79EFBC}") = "WindowsScraperTest", "WindowsScraper\WindowsScraperTest.csproj", "{6C683743-17CE-4D6B-AB63-DAF99A916CAF}"
	ProjectSection(ProjectDependencies) = postProject
		{45E71E16-2F25-4EFE-8DD4-30FF1EA383C0} = {45E71E16-2F25-4EFE-8DD4-30FF1EA383C0}
		{1A1440BD-7794-4D9F-88AB-3EBEDBCA8CEE} = {1A1440BD-7794-4D9F-88AB-3EBEDBCA8CEE}
	EndProjectSection
EndProject
Project("{FAE04EC0-301F-11D3-BF4B-00C04F79EFBC}") = "WindowsScraper", "WindowsScrapperLib\WindowsScraper.csproj", "{45E71E16-2F25-4EFE-8DD4-30FF1EA383C0}"
EndProject
Project("{FAE04EC0-301F-11D3-BF4B-00C04F79EFBC}") = "WindowsServer", "WindowsServer\WindowsServer.csproj", "{1A1440BD-7794-4D9F-88AB-3EBEDBCA8CEE}"
	ProjectSection(ProjectDependencies) = postProject
		{45E71E16-2F25-4EFE-8DD4-30FF1EA383C0} = {45E71E16-2F25-4EFE-8DD4-30FF1EA383C0}
	EndProjectSection
EndProject
Project("{FAE04EC0-301F-11D3-BF4B-00C04F79EFBC}") = "WindowsConnection", "..\common\WindowsConnection\WindowsConnection\WindowsConnection.csproj", "{EE45634F-3241-4B54-ACA8-DE5CA7F50BEB}"
EndProject
Project("{FAE04EC0-301F-11D3-BF4B-00C04F79EFBC}") = "PListLib", "..\common\plist_win\PListLib\PListLib.csproj", "{DB484EA6-35A1-4B9A-B03B-FD5671002A6D}"
EndProject
Global
	GlobalSection(SolutionConfigurationPlatforms) = preSolution
		Debug|Any CPU = Debug|Any CPU
		Release|Any CPU = Release|Any CPU
	EndGlobalSection
	GlobalSection(ProjectConfigurationPlatforms) = postSolution
		{6C683743-17CE-4D6B-AB63-DAF99A916CAF}.Debug|Any CPU.ActiveCfg = Debug|Any CPU
		{6C683743-17CE-4D6B-AB63-DAF99A916CAF}.Debug|Any CPU.Build.0 = Debug|Any CPU
		{6C683743-17CE-4D6B-AB63-DAF99A916CAF}.Release|Any CPU.ActiveCfg = Release|Any CPU
		{6C683743-17CE-4D6B-AB63-DAF99A916CAF}.Release|Any CPU.Build.0 = Release|Any CPU
		{45E71E16-2F25-4EFE-8DD4-30FF1EA383C0}.Debug|Any CPU.ActiveCfg = Debug|Any CPU
		{45E71E16-2F25-4EFE-8DD4-30FF1EA383C0}.Debug|Any CPU.Build.0 = Debug|Any CPU
		{45E71E16-2F25-4EFE-8DD4-30FF1EA383C0}.Release|Any CPU.ActiveCfg = Release|Any CPU
		{45E71E16-2F25-4EFE-8DD4-30FF1EA383C0}.Release|Any CPU.Build.0 = Release|Any CPU
		{1A1440BD-7794-4D9F-88AB-3EBEDBCA8CEE}.Debug|Any CPU.ActiveCfg = Debug|Any CPU
		{1A1440BD-7794-4D9F-88AB-3EBEDBCA8CEE}.Debug|Any CPU.Build.0 = Debug|Any CPU
		{1A1440BD-7794-4D9F-88AB-3EBEDBCA8CEE}.Release|Any CPU.ActiveCfg = Release|Any CPU
		{1A1440BD-7794-4D9F-88AB-3EBEDBCA8CEE}.Release|Any CPU.Build.0 = Release|Any CPU
		{EE45634F-3241-4B54-ACA8-DE5CA7F50BEB}.Debug|Any CPU.ActiveCfg = Debug|Any CPU
		{EE45634F-3241-4B54-ACA8-DE5CA7F50BEB}.Debug|Any CPU.Build.0 = Debug|Any CPU
		{EE45634F-3241-4B54-ACA8-DE5CA7F50BEB}.Release|Any CPU.ActiveCfg = Release|Any CPU
		{EE45634F-3241-4B54-ACA8-DE5CA7F50BEB}.Release|Any CPU.Build.0 = Release|Any CPU
		{DB484EA6-35A1-4B9A-B03B-FD5671002A6D}.Debug|Any CPU.ActiveCfg = Debug|Any CPU
		{DB484EA6-35A1-4B9A-B03B-FD5671002A6D}.Debug|Any CPU.Build.0 = Debug|Any CPU
		{DB484EA6-35A1-4B9A-B03B-FD5671002A6D}.Release|Any CPU.ActiveCfg = Release|Any CPU
		{DB484EA6-35A1-4B9A-B03B-FD5671002A6D}.Release|Any CPU.Build.0 = Release|Any CPU
	EndGlobalSection
	GlobalSection(SolutionProperties) = preSolution
		HideSolutionNode = FALSE
	EndGlobalSection
	GlobalSection(ExtensibilityGlobals) = postSolution
		SolutionGuid = {57947128-4480-4951-8D68-7E510C2577F7}
	EndGlobalSection
EndGlobal
